// !$*UTF8*$!
{
	archiveVersion = 1;
	classes = {
	};
	objectVersion = 50;
	objects = {

/* Begin PBXBuildFile section */
		172BD5C4802E6C2DEE159BC2 /* Pods_FromHomeTests.framework in Frameworks */ = {isa = PBXBuildFile; fileRef = BA6E22448571902684372A4A /* Pods_FromHomeTests.framework */; };
		2720BE8924B80DBE00A98F87 /* UIView+Card.swift in Sources */ = {isa = PBXBuildFile; fileRef = 2720BE8824B80DBE00A98F87 /* UIView+Card.swift */; };
		27309EFF24B531B400D60FE8 /* CardTitleView.swift in Sources */ = {isa = PBXBuildFile; fileRef = 27309EFE24B531B400D60FE8 /* CardTitleView.swift */; };
		27309F0124B541EA00D60FE8 /* UIView+Constraints.swift in Sources */ = {isa = PBXBuildFile; fileRef = 27309F0024B541EA00D60FE8 /* UIView+Constraints.swift */; };
		27462B0C24CD1F6700AC776B /* AlertViewController.swift in Sources */ = {isa = PBXBuildFile; fileRef = 27462B0B24CD1F6700AC776B /* AlertViewController.swift */; };
		275A29AB24BBB83A00C6D0DB /* FooterViewType.swift in Sources */ = {isa = PBXBuildFile; fileRef = 275A29AA24BBB83A00C6D0DB /* FooterViewType.swift */; };
		2771C49724C673FC00682DF3 /* AlertView.swift in Sources */ = {isa = PBXBuildFile; fileRef = 2771C49624C673FC00682DF3 /* AlertView.swift */; };
		2771C49924C678DE00682DF3 /* UIView+Line.swift in Sources */ = {isa = PBXBuildFile; fileRef = 2771C49824C678DE00682DF3 /* UIView+Line.swift */; };
		2776134C24C7C63A00E3C0B9 /* AlertViewModel.swift in Sources */ = {isa = PBXBuildFile; fileRef = 2776134B24C7C63A00E3C0B9 /* AlertViewModel.swift */; };
		2776B7DE24C90E550082F4FF /* UITextField+Dark.swift in Sources */ = {isa = PBXBuildFile; fileRef = 2776B7DD24C90E550082F4FF /* UITextField+Dark.swift */; };
		2776B7E224C91AC10082F4FF /* UILabel+MultipleLines.swift in Sources */ = {isa = PBXBuildFile; fileRef = 2776B7E124C91AC10082F4FF /* UILabel+MultipleLines.swift */; };
		278045DE24B405FA00AEDFBA /* Style.swift in Sources */ = {isa = PBXBuildFile; fileRef = 278045DD24B405FA00AEDFBA /* Style.swift */; };
		278045E024B4073700AEDFBA /* UIColor+FHColors.swift in Sources */ = {isa = PBXBuildFile; fileRef = 278045DF24B4073700AEDFBA /* UIColor+FHColors.swift */; };
		278045E424B40CAE00AEDFBA /* Style+FHSyle.swift in Sources */ = {isa = PBXBuildFile; fileRef = 278045E324B40CAE00AEDFBA /* Style+FHSyle.swift */; };
		278045E624B40DC800AEDFBA /* UIFont+FHFonts.swift in Sources */ = {isa = PBXBuildFile; fileRef = 278045E524B40DC800AEDFBA /* UIFont+FHFonts.swift */; };
		278B3A1524CBD41400A6DDB3 /* TasksBodyView.swift in Sources */ = {isa = PBXBuildFile; fileRef = 278B3A1424CBD41400A6DDB3 /* TasksBodyView.swift */; };
		278B3A1724CBDCDD00A6DDB3 /* TaskSectionView.swift in Sources */ = {isa = PBXBuildFile; fileRef = 278B3A1624CBDCDD00A6DDB3 /* TaskSectionView.swift */; };
		278B3A1924CBE9F200A6DDB3 /* UIButton+FHCornerRadius.swift in Sources */ = {isa = PBXBuildFile; fileRef = 278B3A1824CBE9F200A6DDB3 /* UIButton+FHCornerRadius.swift */; };
		279478E524CD1DD500AB3E79 /* TasksBodyViewDelegate.swift in Sources */ = {isa = PBXBuildFile; fileRef = 279478E424CD1DD500AB3E79 /* TasksBodyViewDelegate.swift */; };
		279CB34824BA6D9A003126C9 /* UIView+Animations.swift in Sources */ = {isa = PBXBuildFile; fileRef = 279CB34724BA6D9A003126C9 /* UIView+Animations.swift */; };
		279CB34B24BA6F9A003126C9 /* GreetingVewDelegate.swift in Sources */ = {isa = PBXBuildFile; fileRef = 279CB34A24BA6F9A003126C9 /* GreetingVewDelegate.swift */; };
		279CB34D24BA8391003126C9 /* GreetingViewModel.swift in Sources */ = {isa = PBXBuildFile; fileRef = 279CB34C24BA8391003126C9 /* GreetingViewModel.swift */; };
		279CB34F24BA8C43003126C9 /* FooterView.swift in Sources */ = {isa = PBXBuildFile; fileRef = 279CB34E24BA8C43003126C9 /* FooterView.swift */; };
		279CB35224BA976A003126C9 /* FooterViewModel.swift in Sources */ = {isa = PBXBuildFile; fileRef = 279CB35124BA976A003126C9 /* FooterViewModel.swift */; };
		279CB35824BA9AFE003126C9 /* TodayBodyView.swift in Sources */ = {isa = PBXBuildFile; fileRef = 279CB35724BA9AFE003126C9 /* TodayBodyView.swift */; };
		27B806DA24BE213800D0BC87 /* Observable.swift in Sources */ = {isa = PBXBuildFile; fileRef = 27B806D924BE213700D0BC87 /* Observable.swift */; };
		27C1D2D824B806F500AA95BF /* CAShapeLayer+Star.swift in Sources */ = {isa = PBXBuildFile; fileRef = 27C1D2D724B806F500AA95BF /* CAShapeLayer+Star.swift */; };
		27C1D2DA24B80A0500AA95BF /* GreetingView.swift in Sources */ = {isa = PBXBuildFile; fileRef = 27C1D2D924B80A0500AA95BF /* GreetingView.swift */; };
		27C9EBCF24CCCFC700FDAFCC /* TasksFooterViewModel.swift in Sources */ = {isa = PBXBuildFile; fileRef = 27C9EBCE24CCCFC700FDAFCC /* TasksFooterViewModel.swift */; };
		27C9EBD224CD173900FDAFCC /* TaskSectionViewDelegate.swift in Sources */ = {isa = PBXBuildFile; fileRef = 27C9EBD124CD173900FDAFCC /* TaskSectionViewDelegate.swift */; };
		27E8D0B624C7CFC200E3EE4C /* Alert.swift in Sources */ = {isa = PBXBuildFile; fileRef = 27E8D0B524C7CFC200E3EE4C /* Alert.swift */; };
		27E8D0B924C7D01200E3EE4C /* LeaveAlertViewModel.swift in Sources */ = {isa = PBXBuildFile; fileRef = 27E8D0B824C7D01200E3EE4C /* LeaveAlertViewModel.swift */; };
		27E8D0BB24C7D1E300E3EE4C /* FinishAlertViewModel.swift in Sources */ = {isa = PBXBuildFile; fileRef = 27E8D0BA24C7D1E300E3EE4C /* FinishAlertViewModel.swift */; };
		27E8D0BD24C7D37D00E3EE4C /* PauseAlertViewModel.swift in Sources */ = {isa = PBXBuildFile; fileRef = 27E8D0BC24C7D37D00E3EE4C /* PauseAlertViewModel.swift */; };
		27E8D0BF24C7D63E00E3EE4C /* BreakAlertViewModel.swift in Sources */ = {isa = PBXBuildFile; fileRef = 27E8D0BE24C7D63E00E3EE4C /* BreakAlertViewModel.swift */; };
		27E8D0C124C7D86B00E3EE4C /* AtHomeAlertViewModel.swift in Sources */ = {isa = PBXBuildFile; fileRef = 27E8D0C024C7D86B00E3EE4C /* AtHomeAlertViewModel.swift */; };
		27EFB4F924CD1A13007FDBC0 /* FooterViewDelegate.swift in Sources */ = {isa = PBXBuildFile; fileRef = 27EFB4F824CD1A13007FDBC0 /* FooterViewDelegate.swift */; };
		27EFB4FB24CD1ADA007FDBC0 /* SetupViewController+Footer.swift in Sources */ = {isa = PBXBuildFile; fileRef = 27EFB4FA24CD1ADA007FDBC0 /* SetupViewController+Footer.swift */; };
		27F019FA24C7C819001870D0 /* SkipAlertViewModel.swift in Sources */ = {isa = PBXBuildFile; fileRef = 27F019F924C7C819001870D0 /* SkipAlertViewModel.swift */; };
		27F019FC24C7C8F1001870D0 /* InputAlertViewModel.swift in Sources */ = {isa = PBXBuildFile; fileRef = 27F019FB24C7C8F1001870D0 /* InputAlertViewModel.swift */; };
		27F1BBF324C91BF500AEFF01 /* AlertViewDelegate.swift in Sources */ = {isa = PBXBuildFile; fileRef = 27F1BBF224C91BF500AEFF01 /* AlertViewDelegate.swift */; };
		42D144E78D035D1BE4EA7C47 /* Pods_FromHome.framework in Frameworks */ = {isa = PBXBuildFile; fileRef = 147D5965E0FD62DA0408A57A /* Pods_FromHome.framework */; };
		8CF228F9FB95080DCB43F60B /* Pods_FromHome_FromHomeUITests.framework in Frameworks */ = {isa = PBXBuildFile; fileRef = 344516298486A939C3EDF6F6 /* Pods_FromHome_FromHomeUITests.framework */; };
		A48B2E6F24C232840017B79D /* UIView+Subview.swift in Sources */ = {isa = PBXBuildFile; fileRef = A48B2E6E24C232840017B79D /* UIView+Subview.swift */; };
		A48B2E7424C236C40017B79D /* TabbedScrollView.swift in Sources */ = {isa = PBXBuildFile; fileRef = A48B2E7324C236C40017B79D /* TabbedScrollView.swift */; };
		A48B2E7624C239620017B79D /* SegmentedTabView.swift in Sources */ = {isa = PBXBuildFile; fileRef = A48B2E7524C239620017B79D /* SegmentedTabView.swift */; };
		A48B2E7824C242360017B79D /* UIView+Shadow.swift in Sources */ = {isa = PBXBuildFile; fileRef = A48B2E7724C242360017B79D /* UIView+Shadow.swift */; };
		A48B2E7A24C5BAE50017B79D /* PagedScrollView.swift in Sources */ = {isa = PBXBuildFile; fileRef = A48B2E7924C5BAE50017B79D /* PagedScrollView.swift */; };
		A48B2E7C24C75D7E0017B79D /* UIImage+Assets.swift in Sources */ = {isa = PBXBuildFile; fileRef = A48B2E7B24C75D7E0017B79D /* UIImage+Assets.swift */; };
		A48B2E7E24C762820017B79D /* UIButton+Init.swift in Sources */ = {isa = PBXBuildFile; fileRef = A48B2E7D24C762820017B79D /* UIButton+Init.swift */; };
		A48B2E8024C779CA0017B79D /* StackView+Init.swift in Sources */ = {isa = PBXBuildFile; fileRef = A48B2E7F24C779CA0017B79D /* StackView+Init.swift */; };
		A4AE778724B3994400A49E7F /* AppDelegate.swift in Sources */ = {isa = PBXBuildFile; fileRef = A4AE778624B3994400A49E7F /* AppDelegate.swift */; };
		A4AE778924B3994400A49E7F /* SceneDelegate.swift in Sources */ = {isa = PBXBuildFile; fileRef = A4AE778824B3994400A49E7F /* SceneDelegate.swift */; };
		A4AE779124B3994400A49E7F /* FromHome.xcdatamodeld in Sources */ = {isa = PBXBuildFile; fileRef = A4AE778F24B3994400A49E7F /* FromHome.xcdatamodeld */; };
		A4AE779324B3994700A49E7F /* Assets.xcassets in Resources */ = {isa = PBXBuildFile; fileRef = A4AE779224B3994700A49E7F /* Assets.xcassets */; };
		A4AE779624B3994700A49E7F /* LaunchScreen.storyboard in Resources */ = {isa = PBXBuildFile; fileRef = A4AE779424B3994700A49E7F /* LaunchScreen.storyboard */; };
		A4AE77A124B3994700A49E7F /* FromHomeTests.swift in Sources */ = {isa = PBXBuildFile; fileRef = A4AE77A024B3994700A49E7F /* FromHomeTests.swift */; };
		A4AE77AC24B3994700A49E7F /* FromHomeUITests.swift in Sources */ = {isa = PBXBuildFile; fileRef = A4AE77AB24B3994700A49E7F /* FromHomeUITests.swift */; };
		A4AE77BA24B39A8A00A49E7F /* README.MD in Resources */ = {isa = PBXBuildFile; fileRef = A4AE77B924B39A8900A49E7F /* README.MD */; };
		A4AE77BF24B3BC6700A49E7F /* Coordinator.swift in Sources */ = {isa = PBXBuildFile; fileRef = A4AE77BE24B3BC6700A49E7F /* Coordinator.swift */; };
		A4AE77C124B3BCC000A49E7F /* MainCoordinator.swift in Sources */ = {isa = PBXBuildFile; fileRef = A4AE77C024B3BCC000A49E7F /* MainCoordinator.swift */; };
		A4F42E9C24C8E87D00F6C95E /* UniverseView.swift in Sources */ = {isa = PBXBuildFile; fileRef = 2722122024B7C3390053478F /* UniverseView.swift */; };
		A4F42E9D24C8E8E300F6C95E /* TodayFooterViewModel.swift in Sources */ = {isa = PBXBuildFile; fileRef = 279CB35424BA9975003126C9 /* TodayFooterViewModel.swift */; };
		A4F42EA124C8E9F400F6C95E /* SetupViewController.swift in Sources */ = {isa = PBXBuildFile; fileRef = A4F42EA024C8E9F400F6C95E /* SetupViewController.swift */; };
		A4F42EA324C8EA0D00F6C95E /* SetupViewController+Greeting.swift in Sources */ = {isa = PBXBuildFile; fileRef = A4F42EA224C8EA0D00F6C95E /* SetupViewController+Greeting.swift */; };
		A4F42EA524C8EA3100F6C95E /* TabbedScrollView+Delegates.swift in Sources */ = {isa = PBXBuildFile; fileRef = A4F42EA424C8EA3100F6C95E /* TabbedScrollView+Delegates.swift */; };
/* End PBXBuildFile section */

/* Begin PBXContainerItemProxy section */
		A4AE779D24B3994700A49E7F /* PBXContainerItemProxy */ = {
			isa = PBXContainerItemProxy;
			containerPortal = A4AE777B24B3994400A49E7F /* Project object */;
			proxyType = 1;
			remoteGlobalIDString = A4AE778224B3994400A49E7F;
			remoteInfo = FromHome;
		};
		A4AE77A824B3994700A49E7F /* PBXContainerItemProxy */ = {
			isa = PBXContainerItemProxy;
			containerPortal = A4AE777B24B3994400A49E7F /* Project object */;
			proxyType = 1;
			remoteGlobalIDString = A4AE778224B3994400A49E7F;
			remoteInfo = FromHome;
		};
/* End PBXContainerItemProxy section */

/* Begin PBXFileReference section */
		147D5965E0FD62DA0408A57A /* Pods_FromHome.framework */ = {isa = PBXFileReference; explicitFileType = wrapper.framework; includeInIndex = 0; path = Pods_FromHome.framework; sourceTree = BUILT_PRODUCTS_DIR; };
		1F27F5D1CDE3B9FDEB496DB0 /* Pods-FromHome.release.xcconfig */ = {isa = PBXFileReference; includeInIndex = 1; lastKnownFileType = text.xcconfig; name = "Pods-FromHome.release.xcconfig"; path = "Target Support Files/Pods-FromHome/Pods-FromHome.release.xcconfig"; sourceTree = "<group>"; };
		2720BE8824B80DBE00A98F87 /* UIView+Card.swift */ = {isa = PBXFileReference; lastKnownFileType = sourcecode.swift; path = "UIView+Card.swift"; sourceTree = "<group>"; };
		2722122024B7C3390053478F /* UniverseView.swift */ = {isa = PBXFileReference; lastKnownFileType = sourcecode.swift; path = UniverseView.swift; sourceTree = "<group>"; };
		27309EFE24B531B400D60FE8 /* CardTitleView.swift */ = {isa = PBXFileReference; lastKnownFileType = sourcecode.swift; path = CardTitleView.swift; sourceTree = "<group>"; };
		27309F0024B541EA00D60FE8 /* UIView+Constraints.swift */ = {isa = PBXFileReference; lastKnownFileType = sourcecode.swift; path = "UIView+Constraints.swift"; sourceTree = "<group>"; };
		27462B0B24CD1F6700AC776B /* AlertViewController.swift */ = {isa = PBXFileReference; lastKnownFileType = sourcecode.swift; path = AlertViewController.swift; sourceTree = "<group>"; };
		275A29AA24BBB83A00C6D0DB /* FooterViewType.swift */ = {isa = PBXFileReference; lastKnownFileType = sourcecode.swift; path = FooterViewType.swift; sourceTree = "<group>"; };
		2771C49624C673FC00682DF3 /* AlertView.swift */ = {isa = PBXFileReference; lastKnownFileType = sourcecode.swift; path = AlertView.swift; sourceTree = "<group>"; };
		2771C49824C678DE00682DF3 /* UIView+Line.swift */ = {isa = PBXFileReference; lastKnownFileType = sourcecode.swift; path = "UIView+Line.swift"; sourceTree = "<group>"; };
		2776134B24C7C63A00E3C0B9 /* AlertViewModel.swift */ = {isa = PBXFileReference; lastKnownFileType = sourcecode.swift; path = AlertViewModel.swift; sourceTree = "<group>"; };
		2776B7DD24C90E550082F4FF /* UITextField+Dark.swift */ = {isa = PBXFileReference; lastKnownFileType = sourcecode.swift; path = "UITextField+Dark.swift"; sourceTree = "<group>"; };
		2776B7E124C91AC10082F4FF /* UILabel+MultipleLines.swift */ = {isa = PBXFileReference; lastKnownFileType = sourcecode.swift; path = "UILabel+MultipleLines.swift"; sourceTree = "<group>"; };
		278045DD24B405FA00AEDFBA /* Style.swift */ = {isa = PBXFileReference; lastKnownFileType = sourcecode.swift; path = Style.swift; sourceTree = "<group>"; };
		278045DF24B4073700AEDFBA /* UIColor+FHColors.swift */ = {isa = PBXFileReference; lastKnownFileType = sourcecode.swift; path = "UIColor+FHColors.swift"; sourceTree = "<group>"; };
		278045E324B40CAE00AEDFBA /* Style+FHSyle.swift */ = {isa = PBXFileReference; lastKnownFileType = sourcecode.swift; path = "Style+FHSyle.swift"; sourceTree = "<group>"; };
		278045E524B40DC800AEDFBA /* UIFont+FHFonts.swift */ = {isa = PBXFileReference; lastKnownFileType = sourcecode.swift; path = "UIFont+FHFonts.swift"; sourceTree = "<group>"; };
		278B3A1424CBD41400A6DDB3 /* TasksBodyView.swift */ = {isa = PBXFileReference; lastKnownFileType = sourcecode.swift; path = TasksBodyView.swift; sourceTree = "<group>"; };
		278B3A1624CBDCDD00A6DDB3 /* TaskSectionView.swift */ = {isa = PBXFileReference; lastKnownFileType = sourcecode.swift; path = TaskSectionView.swift; sourceTree = "<group>"; };
		278B3A1824CBE9F200A6DDB3 /* UIButton+FHCornerRadius.swift */ = {isa = PBXFileReference; lastKnownFileType = sourcecode.swift; path = "UIButton+FHCornerRadius.swift"; sourceTree = "<group>"; };
		279478E424CD1DD500AB3E79 /* TasksBodyViewDelegate.swift */ = {isa = PBXFileReference; lastKnownFileType = sourcecode.swift; path = TasksBodyViewDelegate.swift; sourceTree = "<group>"; };
		279CB34724BA6D9A003126C9 /* UIView+Animations.swift */ = {isa = PBXFileReference; lastKnownFileType = sourcecode.swift; path = "UIView+Animations.swift"; sourceTree = "<group>"; };
		279CB34A24BA6F9A003126C9 /* GreetingVewDelegate.swift */ = {isa = PBXFileReference; lastKnownFileType = sourcecode.swift; path = GreetingVewDelegate.swift; sourceTree = "<group>"; };
		279CB34C24BA8391003126C9 /* GreetingViewModel.swift */ = {isa = PBXFileReference; lastKnownFileType = sourcecode.swift; path = GreetingViewModel.swift; sourceTree = "<group>"; };
		279CB34E24BA8C43003126C9 /* FooterView.swift */ = {isa = PBXFileReference; lastKnownFileType = sourcecode.swift; path = FooterView.swift; sourceTree = "<group>"; };
		279CB35124BA976A003126C9 /* FooterViewModel.swift */ = {isa = PBXFileReference; lastKnownFileType = sourcecode.swift; path = FooterViewModel.swift; sourceTree = "<group>"; };
		279CB35424BA9975003126C9 /* TodayFooterViewModel.swift */ = {isa = PBXFileReference; lastKnownFileType = sourcecode.swift; path = TodayFooterViewModel.swift; sourceTree = "<group>"; };
		279CB35724BA9AFE003126C9 /* TodayBodyView.swift */ = {isa = PBXFileReference; lastKnownFileType = sourcecode.swift; path = TodayBodyView.swift; sourceTree = "<group>"; };
		27B806D924BE213700D0BC87 /* Observable.swift */ = {isa = PBXFileReference; lastKnownFileType = sourcecode.swift; path = Observable.swift; sourceTree = "<group>"; };
		27C1D2D724B806F500AA95BF /* CAShapeLayer+Star.swift */ = {isa = PBXFileReference; lastKnownFileType = sourcecode.swift; path = "CAShapeLayer+Star.swift"; sourceTree = "<group>"; };
		27C1D2D924B80A0500AA95BF /* GreetingView.swift */ = {isa = PBXFileReference; lastKnownFileType = sourcecode.swift; path = GreetingView.swift; sourceTree = "<group>"; };
		27C9EBCE24CCCFC700FDAFCC /* TasksFooterViewModel.swift */ = {isa = PBXFileReference; lastKnownFileType = sourcecode.swift; path = TasksFooterViewModel.swift; sourceTree = "<group>"; };
		27C9EBD124CD173900FDAFCC /* TaskSectionViewDelegate.swift */ = {isa = PBXFileReference; lastKnownFileType = sourcecode.swift; path = TaskSectionViewDelegate.swift; sourceTree = "<group>"; };
		27E8D0B524C7CFC200E3EE4C /* Alert.swift */ = {isa = PBXFileReference; lastKnownFileType = sourcecode.swift; path = Alert.swift; sourceTree = "<group>"; };
		27E8D0B824C7D01200E3EE4C /* LeaveAlertViewModel.swift */ = {isa = PBXFileReference; lastKnownFileType = sourcecode.swift; path = LeaveAlertViewModel.swift; sourceTree = "<group>"; };
		27E8D0BA24C7D1E300E3EE4C /* FinishAlertViewModel.swift */ = {isa = PBXFileReference; lastKnownFileType = sourcecode.swift; path = FinishAlertViewModel.swift; sourceTree = "<group>"; };
		27E8D0BC24C7D37D00E3EE4C /* PauseAlertViewModel.swift */ = {isa = PBXFileReference; lastKnownFileType = sourcecode.swift; path = PauseAlertViewModel.swift; sourceTree = "<group>"; };
		27E8D0BE24C7D63E00E3EE4C /* BreakAlertViewModel.swift */ = {isa = PBXFileReference; lastKnownFileType = sourcecode.swift; path = BreakAlertViewModel.swift; sourceTree = "<group>"; };
		27E8D0C024C7D86B00E3EE4C /* AtHomeAlertViewModel.swift */ = {isa = PBXFileReference; lastKnownFileType = sourcecode.swift; path = AtHomeAlertViewModel.swift; sourceTree = "<group>"; };
		27EFB4F824CD1A13007FDBC0 /* FooterViewDelegate.swift */ = {isa = PBXFileReference; lastKnownFileType = sourcecode.swift; path = FooterViewDelegate.swift; sourceTree = "<group>"; };
		27EFB4FA24CD1ADA007FDBC0 /* SetupViewController+Footer.swift */ = {isa = PBXFileReference; lastKnownFileType = sourcecode.swift; path = "SetupViewController+Footer.swift"; sourceTree = "<group>"; };
		27F019F924C7C819001870D0 /* SkipAlertViewModel.swift */ = {isa = PBXFileReference; lastKnownFileType = sourcecode.swift; path = SkipAlertViewModel.swift; sourceTree = "<group>"; };
		27F019FB24C7C8F1001870D0 /* InputAlertViewModel.swift */ = {isa = PBXFileReference; lastKnownFileType = sourcecode.swift; path = InputAlertViewModel.swift; sourceTree = "<group>"; };
		27F1BBF224C91BF500AEFF01 /* AlertViewDelegate.swift */ = {isa = PBXFileReference; lastKnownFileType = sourcecode.swift; path = AlertViewDelegate.swift; sourceTree = "<group>"; };
		344516298486A939C3EDF6F6 /* Pods_FromHome_FromHomeUITests.framework */ = {isa = PBXFileReference; explicitFileType = wrapper.framework; includeInIndex = 0; path = Pods_FromHome_FromHomeUITests.framework; sourceTree = BUILT_PRODUCTS_DIR; };
		383ED69634AAD6D6AAD683AF /* Pods-FromHome.debug.xcconfig */ = {isa = PBXFileReference; includeInIndex = 1; lastKnownFileType = text.xcconfig; name = "Pods-FromHome.debug.xcconfig"; path = "Target Support Files/Pods-FromHome/Pods-FromHome.debug.xcconfig"; sourceTree = "<group>"; };
		445A17B74F5FEC3993225741 /* Pods-FromHome-FromHomeUITests.debug.xcconfig */ = {isa = PBXFileReference; includeInIndex = 1; lastKnownFileType = text.xcconfig; name = "Pods-FromHome-FromHomeUITests.debug.xcconfig"; path = "Target Support Files/Pods-FromHome-FromHomeUITests/Pods-FromHome-FromHomeUITests.debug.xcconfig"; sourceTree = "<group>"; };
		8A55388DE651E6CCDD9C7396 /* Pods-FromHomeTests.debug.xcconfig */ = {isa = PBXFileReference; includeInIndex = 1; lastKnownFileType = text.xcconfig; name = "Pods-FromHomeTests.debug.xcconfig"; path = "Target Support Files/Pods-FromHomeTests/Pods-FromHomeTests.debug.xcconfig"; sourceTree = "<group>"; };
		A48B2E6E24C232840017B79D /* UIView+Subview.swift */ = {isa = PBXFileReference; lastKnownFileType = sourcecode.swift; path = "UIView+Subview.swift"; sourceTree = "<group>"; };
		A48B2E7324C236C40017B79D /* TabbedScrollView.swift */ = {isa = PBXFileReference; lastKnownFileType = sourcecode.swift; path = TabbedScrollView.swift; sourceTree = "<group>"; };
		A48B2E7524C239620017B79D /* SegmentedTabView.swift */ = {isa = PBXFileReference; lastKnownFileType = sourcecode.swift; path = SegmentedTabView.swift; sourceTree = "<group>"; };
		A48B2E7724C242360017B79D /* UIView+Shadow.swift */ = {isa = PBXFileReference; lastKnownFileType = sourcecode.swift; path = "UIView+Shadow.swift"; sourceTree = "<group>"; };
		A48B2E7924C5BAE50017B79D /* PagedScrollView.swift */ = {isa = PBXFileReference; lastKnownFileType = sourcecode.swift; path = PagedScrollView.swift; sourceTree = "<group>"; };
		A48B2E7B24C75D7E0017B79D /* UIImage+Assets.swift */ = {isa = PBXFileReference; lastKnownFileType = sourcecode.swift; path = "UIImage+Assets.swift"; sourceTree = "<group>"; };
		A48B2E7D24C762820017B79D /* UIButton+Init.swift */ = {isa = PBXFileReference; lastKnownFileType = sourcecode.swift; path = "UIButton+Init.swift"; sourceTree = "<group>"; };
		A48B2E7F24C779CA0017B79D /* StackView+Init.swift */ = {isa = PBXFileReference; lastKnownFileType = sourcecode.swift; path = "StackView+Init.swift"; sourceTree = "<group>"; };
		A4AE778324B3994400A49E7F /* FromHome.app */ = {isa = PBXFileReference; explicitFileType = wrapper.application; includeInIndex = 0; path = FromHome.app; sourceTree = BUILT_PRODUCTS_DIR; };
		A4AE778624B3994400A49E7F /* AppDelegate.swift */ = {isa = PBXFileReference; lastKnownFileType = sourcecode.swift; path = AppDelegate.swift; sourceTree = "<group>"; };
		A4AE778824B3994400A49E7F /* SceneDelegate.swift */ = {isa = PBXFileReference; lastKnownFileType = sourcecode.swift; path = SceneDelegate.swift; sourceTree = "<group>"; };
		A4AE779024B3994400A49E7F /* FromHome.xcdatamodel */ = {isa = PBXFileReference; lastKnownFileType = wrapper.xcdatamodel; path = FromHome.xcdatamodel; sourceTree = "<group>"; };
		A4AE779224B3994700A49E7F /* Assets.xcassets */ = {isa = PBXFileReference; lastKnownFileType = folder.assetcatalog; path = Assets.xcassets; sourceTree = "<group>"; };
		A4AE779524B3994700A49E7F /* Base */ = {isa = PBXFileReference; lastKnownFileType = file.storyboard; name = Base; path = Base.lproj/LaunchScreen.storyboard; sourceTree = "<group>"; };
		A4AE779724B3994700A49E7F /* Info.plist */ = {isa = PBXFileReference; lastKnownFileType = text.plist.xml; path = Info.plist; sourceTree = "<group>"; };
		A4AE779C24B3994700A49E7F /* FromHomeTests.xctest */ = {isa = PBXFileReference; explicitFileType = wrapper.cfbundle; includeInIndex = 0; path = FromHomeTests.xctest; sourceTree = BUILT_PRODUCTS_DIR; };
		A4AE77A024B3994700A49E7F /* FromHomeTests.swift */ = {isa = PBXFileReference; lastKnownFileType = sourcecode.swift; path = FromHomeTests.swift; sourceTree = "<group>"; };
		A4AE77A224B3994700A49E7F /* Info.plist */ = {isa = PBXFileReference; lastKnownFileType = text.plist.xml; path = Info.plist; sourceTree = "<group>"; };
		A4AE77A724B3994700A49E7F /* FromHomeUITests.xctest */ = {isa = PBXFileReference; explicitFileType = wrapper.cfbundle; includeInIndex = 0; path = FromHomeUITests.xctest; sourceTree = BUILT_PRODUCTS_DIR; };
		A4AE77AB24B3994700A49E7F /* FromHomeUITests.swift */ = {isa = PBXFileReference; lastKnownFileType = sourcecode.swift; path = FromHomeUITests.swift; sourceTree = "<group>"; };
		A4AE77AD24B3994700A49E7F /* Info.plist */ = {isa = PBXFileReference; lastKnownFileType = text.plist.xml; path = Info.plist; sourceTree = "<group>"; };
		A4AE77B924B39A8900A49E7F /* README.MD */ = {isa = PBXFileReference; fileEncoding = 4; lastKnownFileType = net.daringfireball.markdown; path = README.MD; sourceTree = "<group>"; };
		A4AE77BE24B3BC6700A49E7F /* Coordinator.swift */ = {isa = PBXFileReference; lastKnownFileType = sourcecode.swift; path = Coordinator.swift; sourceTree = "<group>"; };
		A4AE77C024B3BCC000A49E7F /* MainCoordinator.swift */ = {isa = PBXFileReference; lastKnownFileType = sourcecode.swift; path = MainCoordinator.swift; sourceTree = "<group>"; };
		A4F42EA024C8E9F400F6C95E /* SetupViewController.swift */ = {isa = PBXFileReference; lastKnownFileType = sourcecode.swift; path = SetupViewController.swift; sourceTree = "<group>"; };
		A4F42EA224C8EA0D00F6C95E /* SetupViewController+Greeting.swift */ = {isa = PBXFileReference; lastKnownFileType = sourcecode.swift; path = "SetupViewController+Greeting.swift"; sourceTree = "<group>"; };
		A4F42EA424C8EA3100F6C95E /* TabbedScrollView+Delegates.swift */ = {isa = PBXFileReference; lastKnownFileType = sourcecode.swift; path = "TabbedScrollView+Delegates.swift"; sourceTree = "<group>"; };
		A62FE971FCE64E66462578B8 /* Pods-FromHomeTests.release.xcconfig */ = {isa = PBXFileReference; includeInIndex = 1; lastKnownFileType = text.xcconfig; name = "Pods-FromHomeTests.release.xcconfig"; path = "Target Support Files/Pods-FromHomeTests/Pods-FromHomeTests.release.xcconfig"; sourceTree = "<group>"; };
		B98A80FED36B1087F28D2066 /* Pods-FromHome-FromHomeUITests.release.xcconfig */ = {isa = PBXFileReference; includeInIndex = 1; lastKnownFileType = text.xcconfig; name = "Pods-FromHome-FromHomeUITests.release.xcconfig"; path = "Target Support Files/Pods-FromHome-FromHomeUITests/Pods-FromHome-FromHomeUITests.release.xcconfig"; sourceTree = "<group>"; };
		BA6E22448571902684372A4A /* Pods_FromHomeTests.framework */ = {isa = PBXFileReference; explicitFileType = wrapper.framework; includeInIndex = 0; path = Pods_FromHomeTests.framework; sourceTree = BUILT_PRODUCTS_DIR; };
/* End PBXFileReference section */

/* Begin PBXFrameworksBuildPhase section */
		A4AE778024B3994400A49E7F /* Frameworks */ = {
			isa = PBXFrameworksBuildPhase;
			buildActionMask = 2147483647;
			files = (
				42D144E78D035D1BE4EA7C47 /* Pods_FromHome.framework in Frameworks */,
			);
			runOnlyForDeploymentPostprocessing = 0;
		};
		A4AE779924B3994700A49E7F /* Frameworks */ = {
			isa = PBXFrameworksBuildPhase;
			buildActionMask = 2147483647;
			files = (
				172BD5C4802E6C2DEE159BC2 /* Pods_FromHomeTests.framework in Frameworks */,
			);
			runOnlyForDeploymentPostprocessing = 0;
		};
		A4AE77A424B3994700A49E7F /* Frameworks */ = {
			isa = PBXFrameworksBuildPhase;
			buildActionMask = 2147483647;
			files = (
				8CF228F9FB95080DCB43F60B /* Pods_FromHome_FromHomeUITests.framework in Frameworks */,
			);
			runOnlyForDeploymentPostprocessing = 0;
		};
/* End PBXFrameworksBuildPhase section */

/* Begin PBXGroup section */
		275A29AC24BBBFEA00C6D0DB /* Today */ = {
			isa = PBXGroup;
			children = (
				279CB35724BA9AFE003126C9 /* TodayBodyView.swift */,
			);
			path = Today;
			sourceTree = "<group>";
		};
		2776134A24C7C5F100E3C0B9 /* Alert */ = {
			isa = PBXGroup;
			children = (
				2771C49624C673FC00682DF3 /* AlertView.swift */,
				27462B0B24CD1F6700AC776B /* AlertViewController.swift */,
				27F1BBF224C91BF500AEFF01 /* AlertViewDelegate.swift */,
				27F019F824C7C7FD001870D0 /* ViewModels */,
			);
			path = Alert;
			sourceTree = "<group>";
		};
		278045E724B411AC00AEDFBA /* Style */ = {
			isa = PBXGroup;
			children = (
				278045DD24B405FA00AEDFBA /* Style.swift */,
				278045E324B40CAE00AEDFBA /* Style+FHSyle.swift */,
			);
			path = Style;
			sourceTree = "<group>";
		};
		278B3A1324CBD26800A6DDB3 /* Tasks */ = {
			isa = PBXGroup;
			children = (
				278B3A1424CBD41400A6DDB3 /* TasksBodyView.swift */,
				279478E424CD1DD500AB3E79 /* TasksBodyViewDelegate.swift */,
				27C9EBD024CD172200FDAFCC /* Section */,
			);
			path = Tasks;
			sourceTree = "<group>";
		};
		279CB34924BA6F84003126C9 /* GreetingView */ = {
			isa = PBXGroup;
			children = (
				27C1D2D924B80A0500AA95BF /* GreetingView.swift */,
				279CB34A24BA6F9A003126C9 /* GreetingVewDelegate.swift */,
				279CB34C24BA8391003126C9 /* GreetingViewModel.swift */,
			);
			path = GreetingView;
			sourceTree = "<group>";
		};
		279CB35024BA974B003126C9 /* FooterView */ = {
			isa = PBXGroup;
			children = (
				279CB34E24BA8C43003126C9 /* FooterView.swift */,
				27EFB4F824CD1A13007FDBC0 /* FooterViewDelegate.swift */,
				27EFB4F724CD193E007FDBC0 /* ViewModels */,
				278B3A1324CBD26800A6DDB3 /* Tasks */,
				275A29AC24BBBFEA00C6D0DB /* Today */,
			);
			path = FooterView;
			sourceTree = "<group>";
		};
		279CB35324BA995F003126C9 /* Protocol */ = {
			isa = PBXGroup;
			children = (
				279CB35124BA976A003126C9 /* FooterViewModel.swift */,
				275A29AA24BBB83A00C6D0DB /* FooterViewType.swift */,
			);
			path = Protocol;
			sourceTree = "<group>";
		};
		279CB35924BA9EE0003126C9 /* UIView */ = {
			isa = PBXGroup;
			children = (
				2720BE8824B80DBE00A98F87 /* UIView+Card.swift */,
				2771C49824C678DE00682DF3 /* UIView+Line.swift */,
				279CB34724BA6D9A003126C9 /* UIView+Animations.swift */,
				27309F0024B541EA00D60FE8 /* UIView+Constraints.swift */,
				A48B2E6E24C232840017B79D /* UIView+Subview.swift */,
				A48B2E7724C242360017B79D /* UIView+Shadow.swift */,
			);
			path = UIView;
			sourceTree = "<group>";
		};
		27C9EBD024CD172200FDAFCC /* Section */ = {
			isa = PBXGroup;
			children = (
				278B3A1624CBDCDD00A6DDB3 /* TaskSectionView.swift */,
				27C9EBD124CD173900FDAFCC /* TaskSectionViewDelegate.swift */,
			);
			path = Section;
			sourceTree = "<group>";
		};
		27E8D0B724C7CFD300E3EE4C /* Protocol */ = {
			isa = PBXGroup;
			children = (
				2776134B24C7C63A00E3C0B9 /* AlertViewModel.swift */,
			);
			path = Protocol;
			sourceTree = "<group>";
		};
		27EFB4F724CD193E007FDBC0 /* ViewModels */ = {
			isa = PBXGroup;
			children = (
				279CB35324BA995F003126C9 /* Protocol */,
				279CB35424BA9975003126C9 /* TodayFooterViewModel.swift */,
				27C9EBCE24CCCFC700FDAFCC /* TasksFooterViewModel.swift */,
			);
			path = ViewModels;
			sourceTree = "<group>";
		};
		27EFB4FC24CD1ADD007FDBC0 /* Extensions */ = {
			isa = PBXGroup;
			children = (
				A4F42EA224C8EA0D00F6C95E /* SetupViewController+Greeting.swift */,
				27EFB4FA24CD1ADA007FDBC0 /* SetupViewController+Footer.swift */,
			);
			path = Extensions;
			sourceTree = "<group>";
		};
		27F019F824C7C7FD001870D0 /* ViewModels */ = {
			isa = PBXGroup;
			children = (
				27E8D0B724C7CFD300E3EE4C /* Protocol */,
				27E8D0B524C7CFC200E3EE4C /* Alert.swift */,
				27F019FB24C7C8F1001870D0 /* InputAlertViewModel.swift */,
				27F019F924C7C819001870D0 /* SkipAlertViewModel.swift */,
				27E8D0B824C7D01200E3EE4C /* LeaveAlertViewModel.swift */,
				27E8D0BA24C7D1E300E3EE4C /* FinishAlertViewModel.swift */,
				27E8D0BC24C7D37D00E3EE4C /* PauseAlertViewModel.swift */,
				27E8D0BE24C7D63E00E3EE4C /* BreakAlertViewModel.swift */,
				27E8D0C024C7D86B00E3EE4C /* AtHomeAlertViewModel.swift */,
			);
			path = ViewModels;
			sourceTree = "<group>";
		};
		A48B2E6824C0E9500017B79D /* Setup */ = {
			isa = PBXGroup;
			children = (
				A48B2E6924C0E9580017B79D /* SetupScreen */,
			);
			path = Setup;
			sourceTree = "<group>";
		};
		A48B2E6924C0E9580017B79D /* SetupScreen */ = {
			isa = PBXGroup;
			children = (
				A4F42EA024C8E9F400F6C95E /* SetupViewController.swift */,
				27EFB4FC24CD1ADD007FDBC0 /* Extensions */,
			);
			path = SetupScreen;
			sourceTree = "<group>";
		};
		A48B2E7224C236990017B79D /* TabbedScrollView */ = {
			isa = PBXGroup;
			children = (
				A48B2E7324C236C40017B79D /* TabbedScrollView.swift */,
				A4F42EA424C8EA3100F6C95E /* TabbedScrollView+Delegates.swift */,
				A48B2E7924C5BAE50017B79D /* PagedScrollView.swift */,
				A48B2E7524C239620017B79D /* SegmentedTabView.swift */,
			);
			path = TabbedScrollView;
			sourceTree = "<group>";
		};
		A49ED7A824B7A797006C70B6 /* View */ = {
			isa = PBXGroup;
			children = (
				A48B2E6824C0E9500017B79D /* Setup */,
				A49ED7A924B7A7A8006C70B6 /* Components */,
			);
			path = View;
			sourceTree = "<group>";
		};
		A49ED7A924B7A7A8006C70B6 /* Components */ = {
			isa = PBXGroup;
			children = (
				27309EFE24B531B400D60FE8 /* CardTitleView.swift */,
				2722122024B7C3390053478F /* UniverseView.swift */,
				279CB35024BA974B003126C9 /* FooterView */,
				279CB34924BA6F84003126C9 /* GreetingView */,
				A48B2E7224C236990017B79D /* TabbedScrollView */,
				2776134A24C7C5F100E3C0B9 /* Alert */,
			);
			path = Components;
			sourceTree = "<group>";
		};
		A49ED7AA24B7A7B7006C70B6 /* Extensions */ = {
			isa = PBXGroup;
			children = (
				279CB35924BA9EE0003126C9 /* UIView */,
				278045DF24B4073700AEDFBA /* UIColor+FHColors.swift */,
				2776B7DD24C90E550082F4FF /* UITextField+Dark.swift */,
				278045E524B40DC800AEDFBA /* UIFont+FHFonts.swift */,
				2776B7E124C91AC10082F4FF /* UILabel+MultipleLines.swift */,
				278B3A1824CBE9F200A6DDB3 /* UIButton+FHCornerRadius.swift */,
				27C1D2D724B806F500AA95BF /* CAShapeLayer+Star.swift */,
				A48B2E7B24C75D7E0017B79D /* UIImage+Assets.swift */,
				A48B2E7D24C762820017B79D /* UIButton+Init.swift */,
				A48B2E7F24C779CA0017B79D /* StackView+Init.swift */,
			);
			path = Extensions;
			sourceTree = "<group>";
		};
		A4AE777A24B3994400A49E7F = {
			isa = PBXGroup;
			children = (
				A4AE77B924B39A8900A49E7F /* README.MD */,
				A4AE778524B3994400A49E7F /* FromHome */,
				A4AE779F24B3994700A49E7F /* FromHomeTests */,
				A4AE77AA24B3994700A49E7F /* FromHomeUITests */,
				A4AE778424B3994400A49E7F /* Products */,
				C8A87DD19694EA827193BA5D /* Pods */,
				B2C2D0FF71464E60BA365C7D /* Frameworks */,
			);
			sourceTree = "<group>";
		};
		A4AE778424B3994400A49E7F /* Products */ = {
			isa = PBXGroup;
			children = (
				A4AE778324B3994400A49E7F /* FromHome.app */,
				A4AE779C24B3994700A49E7F /* FromHomeTests.xctest */,
				A4AE77A724B3994700A49E7F /* FromHomeUITests.xctest */,
			);
			name = Products;
			sourceTree = "<group>";
		};
		A4AE778524B3994400A49E7F /* FromHome */ = {
			isa = PBXGroup;
			children = (
				A49ED7A824B7A797006C70B6 /* View */,
				A4AE77BD24B3BAE400A49E7F /* Coordinators */,
				278045E724B411AC00AEDFBA /* Style */,
				A49ED7AA24B7A7B7006C70B6 /* Extensions */,
				A4AE778624B3994400A49E7F /* AppDelegate.swift */,
				27B806D924BE213700D0BC87 /* Observable.swift */,
				A4AE778824B3994400A49E7F /* SceneDelegate.swift */,
				A4AE779424B3994700A49E7F /* LaunchScreen.storyboard */,
				A4AE779224B3994700A49E7F /* Assets.xcassets */,
				A4AE779724B3994700A49E7F /* Info.plist */,
				A4AE778F24B3994400A49E7F /* FromHome.xcdatamodeld */,
			);
			path = FromHome;
			sourceTree = "<group>";
		};
		A4AE779F24B3994700A49E7F /* FromHomeTests */ = {
			isa = PBXGroup;
			children = (
				A4AE77A024B3994700A49E7F /* FromHomeTests.swift */,
				A4AE77A224B3994700A49E7F /* Info.plist */,
			);
			path = FromHomeTests;
			sourceTree = "<group>";
		};
		A4AE77AA24B3994700A49E7F /* FromHomeUITests */ = {
			isa = PBXGroup;
			children = (
				A4AE77AB24B3994700A49E7F /* FromHomeUITests.swift */,
				A4AE77AD24B3994700A49E7F /* Info.plist */,
			);
			path = FromHomeUITests;
			sourceTree = "<group>";
		};
		A4AE77BD24B3BAE400A49E7F /* Coordinators */ = {
			isa = PBXGroup;
			children = (
				A4AE77BE24B3BC6700A49E7F /* Coordinator.swift */,
				A4AE77C024B3BCC000A49E7F /* MainCoordinator.swift */,
			);
			path = Coordinators;
			sourceTree = "<group>";
		};
		B2C2D0FF71464E60BA365C7D /* Frameworks */ = {
			isa = PBXGroup;
			children = (
				147D5965E0FD62DA0408A57A /* Pods_FromHome.framework */,
				344516298486A939C3EDF6F6 /* Pods_FromHome_FromHomeUITests.framework */,
				BA6E22448571902684372A4A /* Pods_FromHomeTests.framework */,
			);
			name = Frameworks;
			sourceTree = "<group>";
		};
		C8A87DD19694EA827193BA5D /* Pods */ = {
			isa = PBXGroup;
			children = (
				383ED69634AAD6D6AAD683AF /* Pods-FromHome.debug.xcconfig */,
				1F27F5D1CDE3B9FDEB496DB0 /* Pods-FromHome.release.xcconfig */,
				445A17B74F5FEC3993225741 /* Pods-FromHome-FromHomeUITests.debug.xcconfig */,
				B98A80FED36B1087F28D2066 /* Pods-FromHome-FromHomeUITests.release.xcconfig */,
				8A55388DE651E6CCDD9C7396 /* Pods-FromHomeTests.debug.xcconfig */,
				A62FE971FCE64E66462578B8 /* Pods-FromHomeTests.release.xcconfig */,
			);
			path = Pods;
			sourceTree = "<group>";
		};
/* End PBXGroup section */

/* Begin PBXNativeTarget section */
		A4AE778224B3994400A49E7F /* FromHome */ = {
			isa = PBXNativeTarget;
			buildConfigurationList = A4AE77B024B3994700A49E7F /* Build configuration list for PBXNativeTarget "FromHome" */;
			buildPhases = (
				1EFBED955ED14DB2BA2E785B /* [CP] Check Pods Manifest.lock */,
				A4AE777F24B3994400A49E7F /* Sources */,
				A4AE778024B3994400A49E7F /* Frameworks */,
				A4AE778124B3994400A49E7F /* Resources */,
				A4AE77C224B3CA4C00A49E7F /* SwiftLint */,
			);
			buildRules = (
			);
			dependencies = (
			);
			name = FromHome;
			productName = FromHome;
			productReference = A4AE778324B3994400A49E7F /* FromHome.app */;
			productType = "com.apple.product-type.application";
		};
		A4AE779B24B3994700A49E7F /* FromHomeTests */ = {
			isa = PBXNativeTarget;
			buildConfigurationList = A4AE77B324B3994700A49E7F /* Build configuration list for PBXNativeTarget "FromHomeTests" */;
			buildPhases = (
				C39DDC4D41B4DE3D095BFA3D /* [CP] Check Pods Manifest.lock */,
				A4AE779824B3994700A49E7F /* Sources */,
				A4AE779924B3994700A49E7F /* Frameworks */,
				A4AE779A24B3994700A49E7F /* Resources */,
			);
			buildRules = (
			);
			dependencies = (
				A4AE779E24B3994700A49E7F /* PBXTargetDependency */,
			);
			name = FromHomeTests;
			productName = FromHomeTests;
			productReference = A4AE779C24B3994700A49E7F /* FromHomeTests.xctest */;
			productType = "com.apple.product-type.bundle.unit-test";
		};
		A4AE77A624B3994700A49E7F /* FromHomeUITests */ = {
			isa = PBXNativeTarget;
			buildConfigurationList = A4AE77B624B3994700A49E7F /* Build configuration list for PBXNativeTarget "FromHomeUITests" */;
			buildPhases = (
				F64C35E49BECE54858AB7071 /* [CP] Check Pods Manifest.lock */,
				A4AE77A324B3994700A49E7F /* Sources */,
				A4AE77A424B3994700A49E7F /* Frameworks */,
				A4AE77A524B3994700A49E7F /* Resources */,
			);
			buildRules = (
			);
			dependencies = (
				A4AE77A924B3994700A49E7F /* PBXTargetDependency */,
			);
			name = FromHomeUITests;
			productName = FromHomeUITests;
			productReference = A4AE77A724B3994700A49E7F /* FromHomeUITests.xctest */;
			productType = "com.apple.product-type.bundle.ui-testing";
		};
/* End PBXNativeTarget section */

/* Begin PBXProject section */
		A4AE777B24B3994400A49E7F /* Project object */ = {
			isa = PBXProject;
			attributes = {
				LastSwiftUpdateCheck = 1150;
				LastUpgradeCheck = 1150;
				ORGANIZATIONNAME = biaplutarco;
				TargetAttributes = {
					A4AE778224B3994400A49E7F = {
						CreatedOnToolsVersion = 11.5;
					};
					A4AE779B24B3994700A49E7F = {
						CreatedOnToolsVersion = 11.5;
						TestTargetID = A4AE778224B3994400A49E7F;
					};
					A4AE77A624B3994700A49E7F = {
						CreatedOnToolsVersion = 11.5;
						TestTargetID = A4AE778224B3994400A49E7F;
					};
				};
			};
			buildConfigurationList = A4AE777E24B3994400A49E7F /* Build configuration list for PBXProject "FromHome" */;
			compatibilityVersion = "Xcode 9.3";
			developmentRegion = en;
			hasScannedForEncodings = 0;
			knownRegions = (
				en,
				Base,
			);
			mainGroup = A4AE777A24B3994400A49E7F;
			productRefGroup = A4AE778424B3994400A49E7F /* Products */;
			projectDirPath = "";
			projectRoot = "";
			targets = (
				A4AE778224B3994400A49E7F /* FromHome */,
				A4AE779B24B3994700A49E7F /* FromHomeTests */,
				A4AE77A624B3994700A49E7F /* FromHomeUITests */,
			);
		};
/* End PBXProject section */

/* Begin PBXResourcesBuildPhase section */
		A4AE778124B3994400A49E7F /* Resources */ = {
			isa = PBXResourcesBuildPhase;
			buildActionMask = 2147483647;
			files = (
				A4AE77BA24B39A8A00A49E7F /* README.MD in Resources */,
				A4AE779624B3994700A49E7F /* LaunchScreen.storyboard in Resources */,
				A4AE779324B3994700A49E7F /* Assets.xcassets in Resources */,
			);
			runOnlyForDeploymentPostprocessing = 0;
		};
		A4AE779A24B3994700A49E7F /* Resources */ = {
			isa = PBXResourcesBuildPhase;
			buildActionMask = 2147483647;
			files = (
			);
			runOnlyForDeploymentPostprocessing = 0;
		};
		A4AE77A524B3994700A49E7F /* Resources */ = {
			isa = PBXResourcesBuildPhase;
			buildActionMask = 2147483647;
			files = (
			);
			runOnlyForDeploymentPostprocessing = 0;
		};
/* End PBXResourcesBuildPhase section */

/* Begin PBXShellScriptBuildPhase section */
		1EFBED955ED14DB2BA2E785B /* [CP] Check Pods Manifest.lock */ = {
			isa = PBXShellScriptBuildPhase;
			buildActionMask = 2147483647;
			files = (
			);
			inputFileListPaths = (
			);
			inputPaths = (
				"${PODS_PODFILE_DIR_PATH}/Podfile.lock",
				"${PODS_ROOT}/Manifest.lock",
			);
			name = "[CP] Check Pods Manifest.lock";
			outputFileListPaths = (
			);
			outputPaths = (
				"$(DERIVED_FILE_DIR)/Pods-FromHome-checkManifestLockResult.txt",
			);
			runOnlyForDeploymentPostprocessing = 0;
			shellPath = /bin/sh;
			shellScript = "diff \"${PODS_PODFILE_DIR_PATH}/Podfile.lock\" \"${PODS_ROOT}/Manifest.lock\" > /dev/null\nif [ $? != 0 ] ; then\n    # print error to STDERR\n    echo \"error: The sandbox is not in sync with the Podfile.lock. Run 'pod install' or update your CocoaPods installation.\" >&2\n    exit 1\nfi\n# This output is used by Xcode 'outputs' to avoid re-running this script phase.\necho \"SUCCESS\" > \"${SCRIPT_OUTPUT_FILE_0}\"\n";
			showEnvVarsInLog = 0;
		};
		A4AE77C224B3CA4C00A49E7F /* SwiftLint */ = {
			isa = PBXShellScriptBuildPhase;
			buildActionMask = 2147483647;
			files = (
			);
			inputFileListPaths = (
			);
			inputPaths = (
			);
			name = SwiftLint;
			outputFileListPaths = (
			);
			outputPaths = (
			);
			runOnlyForDeploymentPostprocessing = 0;
			shellPath = /bin/sh;
			shellScript = "# Type a script or drag a script file from your workspace to insert its path.\n${PODS_ROOT}/SwiftLint/swiftlint\n";
		};
		C39DDC4D41B4DE3D095BFA3D /* [CP] Check Pods Manifest.lock */ = {
			isa = PBXShellScriptBuildPhase;
			buildActionMask = 2147483647;
			files = (
			);
			inputFileListPaths = (
			);
			inputPaths = (
				"${PODS_PODFILE_DIR_PATH}/Podfile.lock",
				"${PODS_ROOT}/Manifest.lock",
			);
			name = "[CP] Check Pods Manifest.lock";
			outputFileListPaths = (
			);
			outputPaths = (
				"$(DERIVED_FILE_DIR)/Pods-FromHomeTests-checkManifestLockResult.txt",
			);
			runOnlyForDeploymentPostprocessing = 0;
			shellPath = /bin/sh;
			shellScript = "diff \"${PODS_PODFILE_DIR_PATH}/Podfile.lock\" \"${PODS_ROOT}/Manifest.lock\" > /dev/null\nif [ $? != 0 ] ; then\n    # print error to STDERR\n    echo \"error: The sandbox is not in sync with the Podfile.lock. Run 'pod install' or update your CocoaPods installation.\" >&2\n    exit 1\nfi\n# This output is used by Xcode 'outputs' to avoid re-running this script phase.\necho \"SUCCESS\" > \"${SCRIPT_OUTPUT_FILE_0}\"\n";
			showEnvVarsInLog = 0;
		};
		F64C35E49BECE54858AB7071 /* [CP] Check Pods Manifest.lock */ = {
			isa = PBXShellScriptBuildPhase;
			buildActionMask = 2147483647;
			files = (
			);
			inputFileListPaths = (
			);
			inputPaths = (
				"${PODS_PODFILE_DIR_PATH}/Podfile.lock",
				"${PODS_ROOT}/Manifest.lock",
			);
			name = "[CP] Check Pods Manifest.lock";
			outputFileListPaths = (
			);
			outputPaths = (
				"$(DERIVED_FILE_DIR)/Pods-FromHome-FromHomeUITests-checkManifestLockResult.txt",
			);
			runOnlyForDeploymentPostprocessing = 0;
			shellPath = /bin/sh;
			shellScript = "diff \"${PODS_PODFILE_DIR_PATH}/Podfile.lock\" \"${PODS_ROOT}/Manifest.lock\" > /dev/null\nif [ $? != 0 ] ; then\n    # print error to STDERR\n    echo \"error: The sandbox is not in sync with the Podfile.lock. Run 'pod install' or update your CocoaPods installation.\" >&2\n    exit 1\nfi\n# This output is used by Xcode 'outputs' to avoid re-running this script phase.\necho \"SUCCESS\" > \"${SCRIPT_OUTPUT_FILE_0}\"\n";
			showEnvVarsInLog = 0;
		};
/* End PBXShellScriptBuildPhase section */

/* Begin PBXSourcesBuildPhase section */
		A4AE777F24B3994400A49E7F /* Sources */ = {
			isa = PBXSourcesBuildPhase;
			buildActionMask = 2147483647;
			files = (
				27F1BBF324C91BF500AEFF01 /* AlertViewDelegate.swift in Sources */,
				A48B2E7624C239620017B79D /* SegmentedTabView.swift in Sources */,
				A4AE77BF24B3BC6700A49E7F /* Coordinator.swift in Sources */,
				A4F42E9C24C8E87D00F6C95E /* UniverseView.swift in Sources */,
				A4F42E9D24C8E8E300F6C95E /* TodayFooterViewModel.swift in Sources */,
				A4F42EA124C8E9F400F6C95E /* SetupViewController.swift in Sources */,
				27E8D0C124C7D86B00E3EE4C /* AtHomeAlertViewModel.swift in Sources */,
				278B3A1724CBDCDD00A6DDB3 /* TaskSectionView.swift in Sources */,
				A4AE778724B3994400A49E7F /* AppDelegate.swift in Sources */,
				2776134C24C7C63A00E3C0B9 /* AlertViewModel.swift in Sources */,
				279CB34F24BA8C43003126C9 /* FooterView.swift in Sources */,
				27E8D0BB24C7D1E300E3EE4C /* FinishAlertViewModel.swift in Sources */,
				A48B2E8024C779CA0017B79D /* StackView+Init.swift in Sources */,
				A48B2E7E24C762820017B79D /* UIButton+Init.swift in Sources */,
				278045E024B4073700AEDFBA /* UIColor+FHColors.swift in Sources */,
				27E8D0BF24C7D63E00E3EE4C /* BreakAlertViewModel.swift in Sources */,
				27C1D2D824B806F500AA95BF /* CAShapeLayer+Star.swift in Sources */,
				A4F42EA324C8EA0D00F6C95E /* SetupViewController+Greeting.swift in Sources */,
				27C1D2DA24B80A0500AA95BF /* GreetingView.swift in Sources */,
				278045E624B40DC800AEDFBA /* UIFont+FHFonts.swift in Sources */,
				27309F0124B541EA00D60FE8 /* UIView+Constraints.swift in Sources */,
				27E8D0BD24C7D37D00E3EE4C /* PauseAlertViewModel.swift in Sources */,
				279CB35824BA9AFE003126C9 /* TodayBodyView.swift in Sources */,
				27C9EBCF24CCCFC700FDAFCC /* TasksFooterViewModel.swift in Sources */,
				A48B2E7A24C5BAE50017B79D /* PagedScrollView.swift in Sources */,
				279CB34B24BA6F9A003126C9 /* GreetingVewDelegate.swift in Sources */,
				27E8D0B924C7D01200E3EE4C /* LeaveAlertViewModel.swift in Sources */,
				279478E524CD1DD500AB3E79 /* TasksBodyViewDelegate.swift in Sources */,
				27E8D0B624C7CFC200E3EE4C /* Alert.swift in Sources */,
				27B806DA24BE213800D0BC87 /* Observable.swift in Sources */,
				278045E424B40CAE00AEDFBA /* Style+FHSyle.swift in Sources */,
				27F019FC24C7C8F1001870D0 /* InputAlertViewModel.swift in Sources */,
				27EFB4FB24CD1ADA007FDBC0 /* SetupViewController+Footer.swift in Sources */,
				279CB35224BA976A003126C9 /* FooterViewModel.swift in Sources */,
				2776B7E224C91AC10082F4FF /* UILabel+MultipleLines.swift in Sources */,
				2720BE8924B80DBE00A98F87 /* UIView+Card.swift in Sources */,
				279CB34D24BA8391003126C9 /* GreetingViewModel.swift in Sources */,
				27462B0C24CD1F6700AC776B /* AlertViewController.swift in Sources */,
				A4F42EA524C8EA3100F6C95E /* TabbedScrollView+Delegates.swift in Sources */,
				A48B2E7824C242360017B79D /* UIView+Shadow.swift in Sources */,
				A4AE779124B3994400A49E7F /* FromHome.xcdatamodeld in Sources */,
				278B3A1524CBD41400A6DDB3 /* TasksBodyView.swift in Sources */,
				27EFB4F924CD1A13007FDBC0 /* FooterViewDelegate.swift in Sources */,
				278B3A1924CBE9F200A6DDB3 /* UIButton+FHCornerRadius.swift in Sources */,
				A48B2E7C24C75D7E0017B79D /* UIImage+Assets.swift in Sources */,
				A48B2E6F24C232840017B79D /* UIView+Subview.swift in Sources */,
				279CB34824BA6D9A003126C9 /* UIView+Animations.swift in Sources */,
				A4AE77C124B3BCC000A49E7F /* MainCoordinator.swift in Sources */,
				A4AE778924B3994400A49E7F /* SceneDelegate.swift in Sources */,
				27C9EBD224CD173900FDAFCC /* TaskSectionViewDelegate.swift in Sources */,
				275A29AB24BBB83A00C6D0DB /* FooterViewType.swift in Sources */,
				27F019FA24C7C819001870D0 /* SkipAlertViewModel.swift in Sources */,
				2771C49924C678DE00682DF3 /* UIView+Line.swift in Sources */,
				27309EFF24B531B400D60FE8 /* CardTitleView.swift in Sources */,
				2776B7DE24C90E550082F4FF /* UITextField+Dark.swift in Sources */,
				A48B2E7424C236C40017B79D /* TabbedScrollView.swift in Sources */,
				278045DE24B405FA00AEDFBA /* Style.swift in Sources */,
				2771C49724C673FC00682DF3 /* AlertView.swift in Sources */,
			);
			runOnlyForDeploymentPostprocessing = 0;
		};
		A4AE779824B3994700A49E7F /* Sources */ = {
			isa = PBXSourcesBuildPhase;
			buildActionMask = 2147483647;
			files = (
				A4AE77A124B3994700A49E7F /* FromHomeTests.swift in Sources */,
			);
			runOnlyForDeploymentPostprocessing = 0;
		};
		A4AE77A324B3994700A49E7F /* Sources */ = {
			isa = PBXSourcesBuildPhase;
			buildActionMask = 2147483647;
			files = (
				A4AE77AC24B3994700A49E7F /* FromHomeUITests.swift in Sources */,
			);
			runOnlyForDeploymentPostprocessing = 0;
		};
/* End PBXSourcesBuildPhase section */

/* Begin PBXTargetDependency section */
		A4AE779E24B3994700A49E7F /* PBXTargetDependency */ = {
			isa = PBXTargetDependency;
			target = A4AE778224B3994400A49E7F /* FromHome */;
			targetProxy = A4AE779D24B3994700A49E7F /* PBXContainerItemProxy */;
		};
		A4AE77A924B3994700A49E7F /* PBXTargetDependency */ = {
			isa = PBXTargetDependency;
			target = A4AE778224B3994400A49E7F /* FromHome */;
			targetProxy = A4AE77A824B3994700A49E7F /* PBXContainerItemProxy */;
		};
/* End PBXTargetDependency section */

/* Begin PBXVariantGroup section */
		A4AE779424B3994700A49E7F /* LaunchScreen.storyboard */ = {
			isa = PBXVariantGroup;
			children = (
				A4AE779524B3994700A49E7F /* Base */,
			);
			name = LaunchScreen.storyboard;
			sourceTree = "<group>";
		};
/* End PBXVariantGroup section */

/* Begin XCBuildConfiguration section */
		A4AE77AE24B3994700A49E7F /* Debug */ = {
			isa = XCBuildConfiguration;
			buildSettings = {
				ALWAYS_SEARCH_USER_PATHS = NO;
				CLANG_ANALYZER_NONNULL = YES;
				CLANG_ANALYZER_NUMBER_OBJECT_CONVERSION = YES_AGGRESSIVE;
				CLANG_CXX_LANGUAGE_STANDARD = "gnu++14";
				CLANG_CXX_LIBRARY = "libc++";
				CLANG_ENABLE_MODULES = YES;
				CLANG_ENABLE_OBJC_ARC = YES;
				CLANG_ENABLE_OBJC_WEAK = YES;
				CLANG_WARN_BLOCK_CAPTURE_AUTORELEASING = YES;
				CLANG_WARN_BOOL_CONVERSION = YES;
				CLANG_WARN_COMMA = YES;
				CLANG_WARN_CONSTANT_CONVERSION = YES;
				CLANG_WARN_DEPRECATED_OBJC_IMPLEMENTATIONS = YES;
				CLANG_WARN_DIRECT_OBJC_ISA_USAGE = YES_ERROR;
				CLANG_WARN_DOCUMENTATION_COMMENTS = YES;
				CLANG_WARN_EMPTY_BODY = YES;
				CLANG_WARN_ENUM_CONVERSION = YES;
				CLANG_WARN_INFINITE_RECURSION = YES;
				CLANG_WARN_INT_CONVERSION = YES;
				CLANG_WARN_NON_LITERAL_NULL_CONVERSION = YES;
				CLANG_WARN_OBJC_IMPLICIT_RETAIN_SELF = YES;
				CLANG_WARN_OBJC_LITERAL_CONVERSION = YES;
				CLANG_WARN_OBJC_ROOT_CLASS = YES_ERROR;
				CLANG_WARN_RANGE_LOOP_ANALYSIS = YES;
				CLANG_WARN_STRICT_PROTOTYPES = YES;
				CLANG_WARN_SUSPICIOUS_MOVE = YES;
				CLANG_WARN_UNGUARDED_AVAILABILITY = YES_AGGRESSIVE;
				CLANG_WARN_UNREACHABLE_CODE = YES;
				CLANG_WARN__DUPLICATE_METHOD_MATCH = YES;
				COPY_PHASE_STRIP = NO;
				DEBUG_INFORMATION_FORMAT = dwarf;
				ENABLE_STRICT_OBJC_MSGSEND = YES;
				ENABLE_TESTABILITY = YES;
				GCC_C_LANGUAGE_STANDARD = gnu11;
				GCC_DYNAMIC_NO_PIC = NO;
				GCC_NO_COMMON_BLOCKS = YES;
				GCC_OPTIMIZATION_LEVEL = 0;
				GCC_PREPROCESSOR_DEFINITIONS = (
					"DEBUG=1",
					"$(inherited)",
				);
				GCC_WARN_64_TO_32_BIT_CONVERSION = YES;
				GCC_WARN_ABOUT_RETURN_TYPE = YES_ERROR;
				GCC_WARN_UNDECLARED_SELECTOR = YES;
				GCC_WARN_UNINITIALIZED_AUTOS = YES_AGGRESSIVE;
				GCC_WARN_UNUSED_FUNCTION = YES;
				GCC_WARN_UNUSED_VARIABLE = YES;
				IPHONEOS_DEPLOYMENT_TARGET = 13.5;
				MTL_ENABLE_DEBUG_INFO = INCLUDE_SOURCE;
				MTL_FAST_MATH = YES;
				ONLY_ACTIVE_ARCH = YES;
				SDKROOT = iphoneos;
				SWIFT_ACTIVE_COMPILATION_CONDITIONS = DEBUG;
				SWIFT_OPTIMIZATION_LEVEL = "-Onone";
			};
			name = Debug;
		};
		A4AE77AF24B3994700A49E7F /* Release */ = {
			isa = XCBuildConfiguration;
			buildSettings = {
				ALWAYS_SEARCH_USER_PATHS = NO;
				CLANG_ANALYZER_NONNULL = YES;
				CLANG_ANALYZER_NUMBER_OBJECT_CONVERSION = YES_AGGRESSIVE;
				CLANG_CXX_LANGUAGE_STANDARD = "gnu++14";
				CLANG_CXX_LIBRARY = "libc++";
				CLANG_ENABLE_MODULES = YES;
				CLANG_ENABLE_OBJC_ARC = YES;
				CLANG_ENABLE_OBJC_WEAK = YES;
				CLANG_WARN_BLOCK_CAPTURE_AUTORELEASING = YES;
				CLANG_WARN_BOOL_CONVERSION = YES;
				CLANG_WARN_COMMA = YES;
				CLANG_WARN_CONSTANT_CONVERSION = YES;
				CLANG_WARN_DEPRECATED_OBJC_IMPLEMENTATIONS = YES;
				CLANG_WARN_DIRECT_OBJC_ISA_USAGE = YES_ERROR;
				CLANG_WARN_DOCUMENTATION_COMMENTS = YES;
				CLANG_WARN_EMPTY_BODY = YES;
				CLANG_WARN_ENUM_CONVERSION = YES;
				CLANG_WARN_INFINITE_RECURSION = YES;
				CLANG_WARN_INT_CONVERSION = YES;
				CLANG_WARN_NON_LITERAL_NULL_CONVERSION = YES;
				CLANG_WARN_OBJC_IMPLICIT_RETAIN_SELF = YES;
				CLANG_WARN_OBJC_LITERAL_CONVERSION = YES;
				CLANG_WARN_OBJC_ROOT_CLASS = YES_ERROR;
				CLANG_WARN_RANGE_LOOP_ANALYSIS = YES;
				CLANG_WARN_STRICT_PROTOTYPES = YES;
				CLANG_WARN_SUSPICIOUS_MOVE = YES;
				CLANG_WARN_UNGUARDED_AVAILABILITY = YES_AGGRESSIVE;
				CLANG_WARN_UNREACHABLE_CODE = YES;
				CLANG_WARN__DUPLICATE_METHOD_MATCH = YES;
				COPY_PHASE_STRIP = NO;
				DEBUG_INFORMATION_FORMAT = "dwarf-with-dsym";
				ENABLE_NS_ASSERTIONS = NO;
				ENABLE_STRICT_OBJC_MSGSEND = YES;
				GCC_C_LANGUAGE_STANDARD = gnu11;
				GCC_NO_COMMON_BLOCKS = YES;
				GCC_WARN_64_TO_32_BIT_CONVERSION = YES;
				GCC_WARN_ABOUT_RETURN_TYPE = YES_ERROR;
				GCC_WARN_UNDECLARED_SELECTOR = YES;
				GCC_WARN_UNINITIALIZED_AUTOS = YES_AGGRESSIVE;
				GCC_WARN_UNUSED_FUNCTION = YES;
				GCC_WARN_UNUSED_VARIABLE = YES;
				IPHONEOS_DEPLOYMENT_TARGET = 13.5;
				MTL_ENABLE_DEBUG_INFO = NO;
				MTL_FAST_MATH = YES;
				SDKROOT = iphoneos;
				SWIFT_COMPILATION_MODE = wholemodule;
				SWIFT_OPTIMIZATION_LEVEL = "-O";
				VALIDATE_PRODUCT = YES;
			};
			name = Release;
		};
		A4AE77B124B3994700A49E7F /* Debug */ = {
			isa = XCBuildConfiguration;
			baseConfigurationReference = 383ED69634AAD6D6AAD683AF /* Pods-FromHome.debug.xcconfig */;
			buildSettings = {
				ASSETCATALOG_COMPILER_APPICON_NAME = AppIcon;
				CODE_SIGN_STYLE = Automatic;
				DEVELOPMENT_TEAM = H3RQC49HYF;
				INFOPLIST_FILE = FromHome/Info.plist;
				LD_RUNPATH_SEARCH_PATHS = (
					"$(inherited)",
					"@executable_path/Frameworks",
				);
				PRODUCT_BUNDLE_IDENTIFIER = com.biaplutarco.FromHome;
				PRODUCT_NAME = "$(TARGET_NAME)";
				SWIFT_VERSION = 5.0;
				TARGETED_DEVICE_FAMILY = "1,2";
			};
			name = Debug;
		};
		A4AE77B224B3994700A49E7F /* Release */ = {
			isa = XCBuildConfiguration;
			baseConfigurationReference = 1F27F5D1CDE3B9FDEB496DB0 /* Pods-FromHome.release.xcconfig */;
			buildSettings = {
				ASSETCATALOG_COMPILER_APPICON_NAME = AppIcon;
				CODE_SIGN_STYLE = Automatic;
				DEVELOPMENT_TEAM = H3RQC49HYF;
				INFOPLIST_FILE = FromHome/Info.plist;
				LD_RUNPATH_SEARCH_PATHS = (
					"$(inherited)",
					"@executable_path/Frameworks",
				);
				PRODUCT_BUNDLE_IDENTIFIER = com.biaplutarco.FromHome;
				PRODUCT_NAME = "$(TARGET_NAME)";
				SWIFT_VERSION = 5.0;
				TARGETED_DEVICE_FAMILY = "1,2";
			};
			name = Release;
		};
		A4AE77B424B3994700A49E7F /* Debug */ = {
			isa = XCBuildConfiguration;
			baseConfigurationReference = 8A55388DE651E6CCDD9C7396 /* Pods-FromHomeTests.debug.xcconfig */;
			buildSettings = {
				ALWAYS_EMBED_SWIFT_STANDARD_LIBRARIES = YES;
				BUNDLE_LOADER = "$(TEST_HOST)";
				CODE_SIGN_STYLE = Automatic;
				INFOPLIST_FILE = FromHomeTests/Info.plist;
				IPHONEOS_DEPLOYMENT_TARGET = 13.5;
				LD_RUNPATH_SEARCH_PATHS = (
					"$(inherited)",
					"@executable_path/Frameworks",
					"@loader_path/Frameworks",
				);
				PRODUCT_BUNDLE_IDENTIFIER = com.biaplutarco.FromHomeTests;
				PRODUCT_NAME = "$(TARGET_NAME)";
				SWIFT_VERSION = 5.0;
				TARGETED_DEVICE_FAMILY = "1,2";
				TEST_HOST = "$(BUILT_PRODUCTS_DIR)/FromHome.app/FromHome";
			};
			name = Debug;
		};
		A4AE77B524B3994700A49E7F /* Release */ = {
			isa = XCBuildConfiguration;
			baseConfigurationReference = A62FE971FCE64E66462578B8 /* Pods-FromHomeTests.release.xcconfig */;
			buildSettings = {
				ALWAYS_EMBED_SWIFT_STANDARD_LIBRARIES = YES;
				BUNDLE_LOADER = "$(TEST_HOST)";
				CODE_SIGN_STYLE = Automatic;
				INFOPLIST_FILE = FromHomeTests/Info.plist;
				IPHONEOS_DEPLOYMENT_TARGET = 13.5;
				LD_RUNPATH_SEARCH_PATHS = (
					"$(inherited)",
					"@executable_path/Frameworks",
					"@loader_path/Frameworks",
				);
				PRODUCT_BUNDLE_IDENTIFIER = com.biaplutarco.FromHomeTests;
				PRODUCT_NAME = "$(TARGET_NAME)";
				SWIFT_VERSION = 5.0;
				TARGETED_DEVICE_FAMILY = "1,2";
				TEST_HOST = "$(BUILT_PRODUCTS_DIR)/FromHome.app/FromHome";
			};
			name = Release;
		};
		A4AE77B724B3994700A49E7F /* Debug */ = {
			isa = XCBuildConfiguration;
			baseConfigurationReference = 445A17B74F5FEC3993225741 /* Pods-FromHome-FromHomeUITests.debug.xcconfig */;
			buildSettings = {
				ALWAYS_EMBED_SWIFT_STANDARD_LIBRARIES = YES;
				CODE_SIGN_STYLE = Automatic;
				INFOPLIST_FILE = FromHomeUITests/Info.plist;
				LD_RUNPATH_SEARCH_PATHS = (
					"$(inherited)",
					"@executable_path/Frameworks",
					"@loader_path/Frameworks",
				);
				PRODUCT_BUNDLE_IDENTIFIER = com.biaplutarco.FromHomeUITests;
				PRODUCT_NAME = "$(TARGET_NAME)";
				SWIFT_VERSION = 5.0;
				TARGETED_DEVICE_FAMILY = "1,2";
				TEST_TARGET_NAME = FromHome;
			};
			name = Debug;
		};
		A4AE77B824B3994700A49E7F /* Release */ = {
			isa = XCBuildConfiguration;
			baseConfigurationReference = B98A80FED36B1087F28D2066 /* Pods-FromHome-FromHomeUITests.release.xcconfig */;
			buildSettings = {
				ALWAYS_EMBED_SWIFT_STANDARD_LIBRARIES = YES;
				CODE_SIGN_STYLE = Automatic;
				INFOPLIST_FILE = FromHomeUITests/Info.plist;
				LD_RUNPATH_SEARCH_PATHS = (
					"$(inherited)",
					"@executable_path/Frameworks",
					"@loader_path/Frameworks",
				);
				PRODUCT_BUNDLE_IDENTIFIER = com.biaplutarco.FromHomeUITests;
				PRODUCT_NAME = "$(TARGET_NAME)";
				SWIFT_VERSION = 5.0;
				TARGETED_DEVICE_FAMILY = "1,2";
				TEST_TARGET_NAME = FromHome;
			};
			name = Release;
		};
/* End XCBuildConfiguration section */

/* Begin XCConfigurationList section */
		A4AE777E24B3994400A49E7F /* Build configuration list for PBXProject "FromHome" */ = {
			isa = XCConfigurationList;
			buildConfigurations = (
				A4AE77AE24B3994700A49E7F /* Debug */,
				A4AE77AF24B3994700A49E7F /* Release */,
			);
			defaultConfigurationIsVisible = 0;
			defaultConfigurationName = Release;
		};
		A4AE77B024B3994700A49E7F /* Build configuration list for PBXNativeTarget "FromHome" */ = {
			isa = XCConfigurationList;
			buildConfigurations = (
				A4AE77B124B3994700A49E7F /* Debug */,
				A4AE77B224B3994700A49E7F /* Release */,
			);
			defaultConfigurationIsVisible = 0;
			defaultConfigurationName = Release;
		};
		A4AE77B324B3994700A49E7F /* Build configuration list for PBXNativeTarget "FromHomeTests" */ = {
			isa = XCConfigurationList;
			buildConfigurations = (
				A4AE77B424B3994700A49E7F /* Debug */,
				A4AE77B524B3994700A49E7F /* Release */,
			);
			defaultConfigurationIsVisible = 0;
			defaultConfigurationName = Release;
		};
		A4AE77B624B3994700A49E7F /* Build configuration list for PBXNativeTarget "FromHomeUITests" */ = {
			isa = XCConfigurationList;
			buildConfigurations = (
				A4AE77B724B3994700A49E7F /* Debug */,
				A4AE77B824B3994700A49E7F /* Release */,
			);
			defaultConfigurationIsVisible = 0;
			defaultConfigurationName = Release;
		};
/* End XCConfigurationList section */

/* Begin XCVersionGroup section */
		A4AE778F24B3994400A49E7F /* FromHome.xcdatamodeld */ = {
			isa = XCVersionGroup;
			children = (
				A4AE779024B3994400A49E7F /* FromHome.xcdatamodel */,
			);
			currentVersion = A4AE779024B3994400A49E7F /* FromHome.xcdatamodel */;
			path = FromHome.xcdatamodeld;
			sourceTree = "<group>";
			versionGroupType = wrapper.xcdatamodel;
		};
/* End XCVersionGroup section */
	};
	rootObject = A4AE777B24B3994400A49E7F /* Project object */;
}
