// !$*UTF8*$!
{
	archiveVersion = 1;
	classes = {
	};
	objectVersion = 50;
	objects = {

/* Begin PBXBuildFile section */
		172BD5C4802E6C2DEE159BC2 /* Pods_FromHomeTests.framework in Frameworks */ = {isa = PBXBuildFile; fileRef = BA6E22448571902684372A4A /* Pods_FromHomeTests.framework */; };
		27309EFF24B531B400D60FE8 /* CardTitleView.swift in Sources */ = {isa = PBXBuildFile; fileRef = 27309EFE24B531B400D60FE8 /* CardTitleView.swift */; };
		27309F0124B541EA00D60FE8 /* UIView+Constraints.swift in Sources */ = {isa = PBXBuildFile; fileRef = 27309F0024B541EA00D60FE8 /* UIView+Constraints.swift */; };
		278045DE24B405FA00AEDFBA /* Style.swift in Sources */ = {isa = PBXBuildFile; fileRef = 278045DD24B405FA00AEDFBA /* Style.swift */; };
		278045E024B4073700AEDFBA /* UIColor+FHColors.swift in Sources */ = {isa = PBXBuildFile; fileRef = 278045DF24B4073700AEDFBA /* UIColor+FHColors.swift */; };
		278045E424B40CAE00AEDFBA /* Style+FHSyle.swift in Sources */ = {isa = PBXBuildFile; fileRef = 278045E324B40CAE00AEDFBA /* Style+FHSyle.swift */; };
		278045E624B40DC800AEDFBA /* UIFont+FHFonts.swift in Sources */ = {isa = PBXBuildFile; fileRef = 278045E524B40DC800AEDFBA /* UIFont+FHFonts.swift */; };
		42D144E78D035D1BE4EA7C47 /* Pods_FromHome.framework in Frameworks */ = {isa = PBXBuildFile; fileRef = 147D5965E0FD62DA0408A57A /* Pods_FromHome.framework */; };
		8CF228F9FB95080DCB43F60B /* Pods_FromHome_FromHomeUITests.framework in Frameworks */ = {isa = PBXBuildFile; fileRef = 344516298486A939C3EDF6F6 /* Pods_FromHome_FromHomeUITests.framework */; };
		A48B2DD524B7BA630017B79D /* TimersViewController.swift in Sources */ = {isa = PBXBuildFile; fileRef = A48B2DD424B7BA630017B79D /* TimersViewController.swift */; };
		A48B2DD724B7BAB00017B79D /* TimersCoordinator.swift in Sources */ = {isa = PBXBuildFile; fileRef = A48B2DD624B7BAB00017B79D /* TimersCoordinator.swift */; };
		A48B2DD924B7BB120017B79D /* TasksCoordinator.swift in Sources */ = {isa = PBXBuildFile; fileRef = A48B2DD824B7BB120017B79D /* TasksCoordinator.swift */; };
		A48B2DDD24B7BB310017B79D /* TasksViewController.swift in Sources */ = {isa = PBXBuildFile; fileRef = A48B2DDC24B7BB310017B79D /* TasksViewController.swift */; };
		A49ED7AD24B7B572006C70B6 /* TodayCoordinator.swift in Sources */ = {isa = PBXBuildFile; fileRef = A49ED7AC24B7B572006C70B6 /* TodayCoordinator.swift */; };
		A49ED7B124B7B597006C70B6 /* TodayViewController.swift in Sources */ = {isa = PBXBuildFile; fileRef = A49ED7B024B7B597006C70B6 /* TodayViewController.swift */; };
		A4AE778724B3994400A49E7F /* AppDelegate.swift in Sources */ = {isa = PBXBuildFile; fileRef = A4AE778624B3994400A49E7F /* AppDelegate.swift */; };
		A4AE778924B3994400A49E7F /* SceneDelegate.swift in Sources */ = {isa = PBXBuildFile; fileRef = A4AE778824B3994400A49E7F /* SceneDelegate.swift */; };
		A4AE779124B3994400A49E7F /* FromHome.xcdatamodeld in Sources */ = {isa = PBXBuildFile; fileRef = A4AE778F24B3994400A49E7F /* FromHome.xcdatamodeld */; };
		A4AE779324B3994700A49E7F /* Assets.xcassets in Resources */ = {isa = PBXBuildFile; fileRef = A4AE779224B3994700A49E7F /* Assets.xcassets */; };
		A4AE779624B3994700A49E7F /* LaunchScreen.storyboard in Resources */ = {isa = PBXBuildFile; fileRef = A4AE779424B3994700A49E7F /* LaunchScreen.storyboard */; };
		A4AE77A124B3994700A49E7F /* FromHomeTests.swift in Sources */ = {isa = PBXBuildFile; fileRef = A4AE77A024B3994700A49E7F /* FromHomeTests.swift */; };
		A4AE77AC24B3994700A49E7F /* FromHomeUITests.swift in Sources */ = {isa = PBXBuildFile; fileRef = A4AE77AB24B3994700A49E7F /* FromHomeUITests.swift */; };
		A4AE77BA24B39A8A00A49E7F /* README.MD in Resources */ = {isa = PBXBuildFile; fileRef = A4AE77B924B39A8900A49E7F /* README.MD */; };
		A4AE77BF24B3BC6700A49E7F /* Coordinator.swift in Sources */ = {isa = PBXBuildFile; fileRef = A4AE77BE24B3BC6700A49E7F /* Coordinator.swift */; };
		A4AE77C124B3BCC000A49E7F /* MainCoordinator.swift in Sources */ = {isa = PBXBuildFile; fileRef = A4AE77C024B3BCC000A49E7F /* MainCoordinator.swift */; };
/* End PBXBuildFile section */

/* Begin PBXContainerItemProxy section */
		A4AE779D24B3994700A49E7F /* PBXContainerItemProxy */ = {
			isa = PBXContainerItemProxy;
			containerPortal = A4AE777B24B3994400A49E7F /* Project object */;
			proxyType = 1;
			remoteGlobalIDString = A4AE778224B3994400A49E7F;
			remoteInfo = FromHome;
		};
		A4AE77A824B3994700A49E7F /* PBXContainerItemProxy */ = {
			isa = PBXContainerItemProxy;
			containerPortal = A4AE777B24B3994400A49E7F /* Project object */;
			proxyType = 1;
			remoteGlobalIDString = A4AE778224B3994400A49E7F;
			remoteInfo = FromHome;
		};
/* End PBXContainerItemProxy section */

/* Begin PBXFileReference section */
		147D5965E0FD62DA0408A57A /* Pods_FromHome.framework */ = {isa = PBXFileReference; explicitFileType = wrapper.framework; includeInIndex = 0; path = Pods_FromHome.framework; sourceTree = BUILT_PRODUCTS_DIR; };
		1F27F5D1CDE3B9FDEB496DB0 /* Pods-FromHome.release.xcconfig */ = {isa = PBXFileReference; includeInIndex = 1; lastKnownFileType = text.xcconfig; name = "Pods-FromHome.release.xcconfig"; path = "Target Support Files/Pods-FromHome/Pods-FromHome.release.xcconfig"; sourceTree = "<group>"; };
		27309EFE24B531B400D60FE8 /* CardTitleView.swift */ = {isa = PBXFileReference; lastKnownFileType = sourcecode.swift; path = CardTitleView.swift; sourceTree = "<group>"; };
		27309F0024B541EA00D60FE8 /* UIView+Constraints.swift */ = {isa = PBXFileReference; lastKnownFileType = sourcecode.swift; path = "UIView+Constraints.swift"; sourceTree = "<group>"; };
		278045DD24B405FA00AEDFBA /* Style.swift */ = {isa = PBXFileReference; lastKnownFileType = sourcecode.swift; path = Style.swift; sourceTree = "<group>"; };
		278045DF24B4073700AEDFBA /* UIColor+FHColors.swift */ = {isa = PBXFileReference; lastKnownFileType = sourcecode.swift; path = "UIColor+FHColors.swift"; sourceTree = "<group>"; };
		278045E324B40CAE00AEDFBA /* Style+FHSyle.swift */ = {isa = PBXFileReference; lastKnownFileType = sourcecode.swift; path = "Style+FHSyle.swift"; sourceTree = "<group>"; };
		278045E524B40DC800AEDFBA /* UIFont+FHFonts.swift */ = {isa = PBXFileReference; lastKnownFileType = sourcecode.swift; path = "UIFont+FHFonts.swift"; sourceTree = "<group>"; };
		344516298486A939C3EDF6F6 /* Pods_FromHome_FromHomeUITests.framework */ = {isa = PBXFileReference; explicitFileType = wrapper.framework; includeInIndex = 0; path = Pods_FromHome_FromHomeUITests.framework; sourceTree = BUILT_PRODUCTS_DIR; };
		383ED69634AAD6D6AAD683AF /* Pods-FromHome.debug.xcconfig */ = {isa = PBXFileReference; includeInIndex = 1; lastKnownFileType = text.xcconfig; name = "Pods-FromHome.debug.xcconfig"; path = "Target Support Files/Pods-FromHome/Pods-FromHome.debug.xcconfig"; sourceTree = "<group>"; };
		445A17B74F5FEC3993225741 /* Pods-FromHome-FromHomeUITests.debug.xcconfig */ = {isa = PBXFileReference; includeInIndex = 1; lastKnownFileType = text.xcconfig; name = "Pods-FromHome-FromHomeUITests.debug.xcconfig"; path = "Target Support Files/Pods-FromHome-FromHomeUITests/Pods-FromHome-FromHomeUITests.debug.xcconfig"; sourceTree = "<group>"; };
		8A55388DE651E6CCDD9C7396 /* Pods-FromHomeTests.debug.xcconfig */ = {isa = PBXFileReference; includeInIndex = 1; lastKnownFileType = text.xcconfig; name = "Pods-FromHomeTests.debug.xcconfig"; path = "Target Support Files/Pods-FromHomeTests/Pods-FromHomeTests.debug.xcconfig"; sourceTree = "<group>"; };
		A48B2DD424B7BA630017B79D /* TimersViewController.swift */ = {isa = PBXFileReference; lastKnownFileType = sourcecode.swift; path = TimersViewController.swift; sourceTree = "<group>"; };
		A48B2DD624B7BAB00017B79D /* TimersCoordinator.swift */ = {isa = PBXFileReference; lastKnownFileType = sourcecode.swift; path = TimersCoordinator.swift; sourceTree = "<group>"; };
		A48B2DD824B7BB120017B79D /* TasksCoordinator.swift */ = {isa = PBXFileReference; lastKnownFileType = sourcecode.swift; path = TasksCoordinator.swift; sourceTree = "<group>"; };
		A48B2DDC24B7BB310017B79D /* TasksViewController.swift */ = {isa = PBXFileReference; lastKnownFileType = sourcecode.swift; path = TasksViewController.swift; sourceTree = "<group>"; };
		A49ED7AC24B7B572006C70B6 /* TodayCoordinator.swift */ = {isa = PBXFileReference; lastKnownFileType = sourcecode.swift; path = TodayCoordinator.swift; sourceTree = "<group>"; };
		A49ED7B024B7B597006C70B6 /* TodayViewController.swift */ = {isa = PBXFileReference; lastKnownFileType = sourcecode.swift; path = TodayViewController.swift; sourceTree = "<group>"; };
		A4AE778324B3994400A49E7F /* FromHome.app */ = {isa = PBXFileReference; explicitFileType = wrapper.application; includeInIndex = 0; path = FromHome.app; sourceTree = BUILT_PRODUCTS_DIR; };
		A4AE778624B3994400A49E7F /* AppDelegate.swift */ = {isa = PBXFileReference; lastKnownFileType = sourcecode.swift; path = AppDelegate.swift; sourceTree = "<group>"; };
		A4AE778824B3994400A49E7F /* SceneDelegate.swift */ = {isa = PBXFileReference; lastKnownFileType = sourcecode.swift; path = SceneDelegate.swift; sourceTree = "<group>"; };
		A4AE779024B3994400A49E7F /* FromHome.xcdatamodel */ = {isa = PBXFileReference; lastKnownFileType = wrapper.xcdatamodel; path = FromHome.xcdatamodel; sourceTree = "<group>"; };
		A4AE779224B3994700A49E7F /* Assets.xcassets */ = {isa = PBXFileReference; lastKnownFileType = folder.assetcatalog; path = Assets.xcassets; sourceTree = "<group>"; };
		A4AE779524B3994700A49E7F /* Base */ = {isa = PBXFileReference; lastKnownFileType = file.storyboard; name = Base; path = Base.lproj/LaunchScreen.storyboard; sourceTree = "<group>"; };
		A4AE779724B3994700A49E7F /* Info.plist */ = {isa = PBXFileReference; lastKnownFileType = text.plist.xml; path = Info.plist; sourceTree = "<group>"; };
		A4AE779C24B3994700A49E7F /* FromHomeTests.xctest */ = {isa = PBXFileReference; explicitFileType = wrapper.cfbundle; includeInIndex = 0; path = FromHomeTests.xctest; sourceTree = BUILT_PRODUCTS_DIR; };
		A4AE77A024B3994700A49E7F /* FromHomeTests.swift */ = {isa = PBXFileReference; lastKnownFileType = sourcecode.swift; path = FromHomeTests.swift; sourceTree = "<group>"; };
		A4AE77A224B3994700A49E7F /* Info.plist */ = {isa = PBXFileReference; lastKnownFileType = text.plist.xml; path = Info.plist; sourceTree = "<group>"; };
		A4AE77A724B3994700A49E7F /* FromHomeUITests.xctest */ = {isa = PBXFileReference; explicitFileType = wrapper.cfbundle; includeInIndex = 0; path = FromHomeUITests.xctest; sourceTree = BUILT_PRODUCTS_DIR; };
		A4AE77AB24B3994700A49E7F /* FromHomeUITests.swift */ = {isa = PBXFileReference; lastKnownFileType = sourcecode.swift; path = FromHomeUITests.swift; sourceTree = "<group>"; };
		A4AE77AD24B3994700A49E7F /* Info.plist */ = {isa = PBXFileReference; lastKnownFileType = text.plist.xml; path = Info.plist; sourceTree = "<group>"; };
		A4AE77B924B39A8900A49E7F /* README.MD */ = {isa = PBXFileReference; fileEncoding = 4; lastKnownFileType = net.daringfireball.markdown; path = README.MD; sourceTree = "<group>"; };
		A4AE77BE24B3BC6700A49E7F /* Coordinator.swift */ = {isa = PBXFileReference; lastKnownFileType = sourcecode.swift; path = Coordinator.swift; sourceTree = "<group>"; };
		A4AE77C024B3BCC000A49E7F /* MainCoordinator.swift */ = {isa = PBXFileReference; lastKnownFileType = sourcecode.swift; path = MainCoordinator.swift; sourceTree = "<group>"; };
		A62FE971FCE64E66462578B8 /* Pods-FromHomeTests.release.xcconfig */ = {isa = PBXFileReference; includeInIndex = 1; lastKnownFileType = text.xcconfig; name = "Pods-FromHomeTests.release.xcconfig"; path = "Target Support Files/Pods-FromHomeTests/Pods-FromHomeTests.release.xcconfig"; sourceTree = "<group>"; };
		B98A80FED36B1087F28D2066 /* Pods-FromHome-FromHomeUITests.release.xcconfig */ = {isa = PBXFileReference; includeInIndex = 1; lastKnownFileType = text.xcconfig; name = "Pods-FromHome-FromHomeUITests.release.xcconfig"; path = "Target Support Files/Pods-FromHome-FromHomeUITests/Pods-FromHome-FromHomeUITests.release.xcconfig"; sourceTree = "<group>"; };
		BA6E22448571902684372A4A /* Pods_FromHomeTests.framework */ = {isa = PBXFileReference; explicitFileType = wrapper.framework; includeInIndex = 0; path = Pods_FromHomeTests.framework; sourceTree = BUILT_PRODUCTS_DIR; };
/* End PBXFileReference section */

/* Begin PBXFrameworksBuildPhase section */
		A4AE778024B3994400A49E7F /* Frameworks */ = {
			isa = PBXFrameworksBuildPhase;
			buildActionMask = 2147483647;
			files = (
				42D144E78D035D1BE4EA7C47 /* Pods_FromHome.framework in Frameworks */,
			);
			runOnlyForDeploymentPostprocessing = 0;
		};
		A4AE779924B3994700A49E7F /* Frameworks */ = {
			isa = PBXFrameworksBuildPhase;
			buildActionMask = 2147483647;
			files = (
				172BD5C4802E6C2DEE159BC2 /* Pods_FromHomeTests.framework in Frameworks */,
			);
			runOnlyForDeploymentPostprocessing = 0;
		};
		A4AE77A424B3994700A49E7F /* Frameworks */ = {
			isa = PBXFrameworksBuildPhase;
			buildActionMask = 2147483647;
			files = (
				8CF228F9FB95080DCB43F60B /* Pods_FromHome_FromHomeUITests.framework in Frameworks */,
			);
			runOnlyForDeploymentPostprocessing = 0;
		};
/* End PBXFrameworksBuildPhase section */

/* Begin PBXGroup section */
		278045E724B411AC00AEDFBA /* Style */ = {
			isa = PBXGroup;
			children = (
				278045DD24B405FA00AEDFBA /* Style.swift */,
				278045E324B40CAE00AEDFBA /* Style+FHSyle.swift */,
			);
			path = Style;
			sourceTree = "<group>";
		};
		A48B2DD224B7BA4A0017B79D /* Timers */ = {
			isa = PBXGroup;
			children = (
				A48B2DD324B7BA550017B79D /* TimersScreen */,
			);
			path = Timers;
			sourceTree = "<group>";
		};
		A48B2DD324B7BA550017B79D /* TimersScreen */ = {
			isa = PBXGroup;
			children = (
				A48B2DD424B7BA630017B79D /* TimersViewController.swift */,
			);
			path = TimersScreen;
			sourceTree = "<group>";
		};
		A48B2DDA24B7BB1A0017B79D /* Tasks */ = {
			isa = PBXGroup;
			children = (
				A48B2DDB24B7BB220017B79D /* TasksScreen */,
			);
			path = Tasks;
			sourceTree = "<group>";
		};
		A48B2DDB24B7BB220017B79D /* TasksScreen */ = {
			isa = PBXGroup;
			children = (
				A48B2DDC24B7BB310017B79D /* TasksViewController.swift */,
			);
			path = TasksScreen;
			sourceTree = "<group>";
		};
		A49ED7A824B7A797006C70B6 /* View */ = {
			isa = PBXGroup;
			children = (
				A49ED7AE24B7B578006C70B6 /* Today */,
				A48B2DD224B7BA4A0017B79D /* Timers */,
				A48B2DDA24B7BB1A0017B79D /* Tasks */,
				A49ED7A924B7A7A8006C70B6 /* Components */,
			);
			path = View;
			sourceTree = "<group>";
		};
		A49ED7A924B7A7A8006C70B6 /* Components */ = {
			isa = PBXGroup;
			children = (
				27309EFE24B531B400D60FE8 /* CardTitleView.swift */,
			);
			path = Components;
			sourceTree = "<group>";
		};
		A49ED7AA24B7A7B7006C70B6 /* Extensions */ = {
			isa = PBXGroup;
			children = (
				278045DF24B4073700AEDFBA /* UIColor+FHColors.swift */,
				278045E524B40DC800AEDFBA /* UIFont+FHFonts.swift */,
				27309F0024B541EA00D60FE8 /* UIView+Constraints.swift */,
			);
			path = Extensions;
			sourceTree = "<group>";
		};
		A49ED7AB24B7A99D006C70B6 /* ChildCoordinators */ = {
			isa = PBXGroup;
			children = (
				A49ED7AC24B7B572006C70B6 /* TodayCoordinator.swift */,
				A48B2DD624B7BAB00017B79D /* TimersCoordinator.swift */,
				A48B2DD824B7BB120017B79D /* TasksCoordinator.swift */,
			);
			path = ChildCoordinators;
			sourceTree = "<group>";
		};
		A49ED7AE24B7B578006C70B6 /* Today */ = {
			isa = PBXGroup;
			children = (
				A49ED7AF24B7B57E006C70B6 /* TodayScreen */,
			);
			path = Today;
			sourceTree = "<group>";
		};
		A49ED7AF24B7B57E006C70B6 /* TodayScreen */ = {
			isa = PBXGroup;
			children = (
				A49ED7B024B7B597006C70B6 /* TodayViewController.swift */,
			);
			path = TodayScreen;
			sourceTree = "<group>";
		};
		A4AE777A24B3994400A49E7F = {
			isa = PBXGroup;
			children = (
				A4AE77B924B39A8900A49E7F /* README.MD */,
				A4AE778524B3994400A49E7F /* FromHome */,
				A4AE779F24B3994700A49E7F /* FromHomeTests */,
				A4AE77AA24B3994700A49E7F /* FromHomeUITests */,
				A4AE778424B3994400A49E7F /* Products */,
				C8A87DD19694EA827193BA5D /* Pods */,
				B2C2D0FF71464E60BA365C7D /* Frameworks */,
			);
			sourceTree = "<group>";
		};
		A4AE778424B3994400A49E7F /* Products */ = {
			isa = PBXGroup;
			children = (
				A4AE778324B3994400A49E7F /* FromHome.app */,
				A4AE779C24B3994700A49E7F /* FromHomeTests.xctest */,
				A4AE77A724B3994700A49E7F /* FromHomeUITests.xctest */,
			);
			name = Products;
			sourceTree = "<group>";
		};
		A4AE778524B3994400A49E7F /* FromHome */ = {
			isa = PBXGroup;
			children = (
				A49ED7A824B7A797006C70B6 /* View */,
				A4AE77BD24B3BAE400A49E7F /* Coordinators */,
				278045E724B411AC00AEDFBA /* Style */,
				A49ED7AA24B7A7B7006C70B6 /* Extensions */,
				A4AE778624B3994400A49E7F /* AppDelegate.swift */,
				A4AE778824B3994400A49E7F /* SceneDelegate.swift */,
				A4AE779424B3994700A49E7F /* LaunchScreen.storyboard */,
				A4AE779224B3994700A49E7F /* Assets.xcassets */,
				A4AE779724B3994700A49E7F /* Info.plist */,
				A4AE778F24B3994400A49E7F /* FromHome.xcdatamodeld */,
			);
			path = FromHome;
			sourceTree = "<group>";
		};
		A4AE779F24B3994700A49E7F /* FromHomeTests */ = {
			isa = PBXGroup;
			children = (
				A4AE77A024B3994700A49E7F /* FromHomeTests.swift */,
				A4AE77A224B3994700A49E7F /* Info.plist */,
			);
			path = FromHomeTests;
			sourceTree = "<group>";
		};
		A4AE77AA24B3994700A49E7F /* FromHomeUITests */ = {
			isa = PBXGroup;
			children = (
				A4AE77AB24B3994700A49E7F /* FromHomeUITests.swift */,
				A4AE77AD24B3994700A49E7F /* Info.plist */,
			);
			path = FromHomeUITests;
			sourceTree = "<group>";
		};
		A4AE77BD24B3BAE400A49E7F /* Coordinators */ = {
			isa = PBXGroup;
			children = (
				A4AE77BE24B3BC6700A49E7F /* Coordinator.swift */,
				A4AE77C024B3BCC000A49E7F /* MainCoordinator.swift */,
				A49ED7AB24B7A99D006C70B6 /* ChildCoordinators */,
			);
			path = Coordinators;
			sourceTree = "<group>";
		};
		B2C2D0FF71464E60BA365C7D /* Frameworks */ = {
			isa = PBXGroup;
			children = (
				147D5965E0FD62DA0408A57A /* Pods_FromHome.framework */,
				344516298486A939C3EDF6F6 /* Pods_FromHome_FromHomeUITests.framework */,
				BA6E22448571902684372A4A /* Pods_FromHomeTests.framework */,
			);
			name = Frameworks;
			sourceTree = "<group>";
		};
		C8A87DD19694EA827193BA5D /* Pods */ = {
			isa = PBXGroup;
			children = (
				383ED69634AAD6D6AAD683AF /* Pods-FromHome.debug.xcconfig */,
				1F27F5D1CDE3B9FDEB496DB0 /* Pods-FromHome.release.xcconfig */,
				445A17B74F5FEC3993225741 /* Pods-FromHome-FromHomeUITests.debug.xcconfig */,
				B98A80FED36B1087F28D2066 /* Pods-FromHome-FromHomeUITests.release.xcconfig */,
				8A55388DE651E6CCDD9C7396 /* Pods-FromHomeTests.debug.xcconfig */,
				A62FE971FCE64E66462578B8 /* Pods-FromHomeTests.release.xcconfig */,
			);
			path = Pods;
			sourceTree = "<group>";
		};
/* End PBXGroup section */

/* Begin PBXNativeTarget section */
		A4AE778224B3994400A49E7F /* FromHome */ = {
			isa = PBXNativeTarget;
			buildConfigurationList = A4AE77B024B3994700A49E7F /* Build configuration list for PBXNativeTarget "FromHome" */;
			buildPhases = (
				1EFBED955ED14DB2BA2E785B /* [CP] Check Pods Manifest.lock */,
				A4AE777F24B3994400A49E7F /* Sources */,
				A4AE778024B3994400A49E7F /* Frameworks */,
				A4AE778124B3994400A49E7F /* Resources */,
				A4AE77C224B3CA4C00A49E7F /* SwiftLint */,
			);
			buildRules = (
			);
			dependencies = (
			);
			name = FromHome;
			productName = FromHome;
			productReference = A4AE778324B3994400A49E7F /* FromHome.app */;
			productType = "com.apple.product-type.application";
		};
		A4AE779B24B3994700A49E7F /* FromHomeTests */ = {
			isa = PBXNativeTarget;
			buildConfigurationList = A4AE77B324B3994700A49E7F /* Build configuration list for PBXNativeTarget "FromHomeTests" */;
			buildPhases = (
				C39DDC4D41B4DE3D095BFA3D /* [CP] Check Pods Manifest.lock */,
				A4AE779824B3994700A49E7F /* Sources */,
				A4AE779924B3994700A49E7F /* Frameworks */,
				A4AE779A24B3994700A49E7F /* Resources */,
			);
			buildRules = (
			);
			dependencies = (
				A4AE779E24B3994700A49E7F /* PBXTargetDependency */,
			);
			name = FromHomeTests;
			productName = FromHomeTests;
			productReference = A4AE779C24B3994700A49E7F /* FromHomeTests.xctest */;
			productType = "com.apple.product-type.bundle.unit-test";
		};
		A4AE77A624B3994700A49E7F /* FromHomeUITests */ = {
			isa = PBXNativeTarget;
			buildConfigurationList = A4AE77B624B3994700A49E7F /* Build configuration list for PBXNativeTarget "FromHomeUITests" */;
			buildPhases = (
				F64C35E49BECE54858AB7071 /* [CP] Check Pods Manifest.lock */,
				A4AE77A324B3994700A49E7F /* Sources */,
				A4AE77A424B3994700A49E7F /* Frameworks */,
				A4AE77A524B3994700A49E7F /* Resources */,
			);
			buildRules = (
			);
			dependencies = (
				A4AE77A924B3994700A49E7F /* PBXTargetDependency */,
			);
			name = FromHomeUITests;
			productName = FromHomeUITests;
			productReference = A4AE77A724B3994700A49E7F /* FromHomeUITests.xctest */;
			productType = "com.apple.product-type.bundle.ui-testing";
		};
/* End PBXNativeTarget section */

/* Begin PBXProject section */
		A4AE777B24B3994400A49E7F /* Project object */ = {
			isa = PBXProject;
			attributes = {
				LastSwiftUpdateCheck = 1150;
				LastUpgradeCheck = 1150;
				ORGANIZATIONNAME = biaplutarco;
				TargetAttributes = {
					A4AE778224B3994400A49E7F = {
						CreatedOnToolsVersion = 11.5;
					};
					A4AE779B24B3994700A49E7F = {
						CreatedOnToolsVersion = 11.5;
						TestTargetID = A4AE778224B3994400A49E7F;
					};
					A4AE77A624B3994700A49E7F = {
						CreatedOnToolsVersion = 11.5;
						TestTargetID = A4AE778224B3994400A49E7F;
					};
				};
			};
			buildConfigurationList = A4AE777E24B3994400A49E7F /* Build configuration list for PBXProject "FromHome" */;
			compatibilityVersion = "Xcode 9.3";
			developmentRegion = en;
			hasScannedForEncodings = 0;
			knownRegions = (
				en,
				Base,
			);
			mainGroup = A4AE777A24B3994400A49E7F;
			productRefGroup = A4AE778424B3994400A49E7F /* Products */;
			projectDirPath = "";
			projectRoot = "";
			targets = (
				A4AE778224B3994400A49E7F /* FromHome */,
				A4AE779B24B3994700A49E7F /* FromHomeTests */,
				A4AE77A624B3994700A49E7F /* FromHomeUITests */,
			);
		};
/* End PBXProject section */

/* Begin PBXResourcesBuildPhase section */
		A4AE778124B3994400A49E7F /* Resources */ = {
			isa = PBXResourcesBuildPhase;
			buildActionMask = 2147483647;
			files = (
				A4AE77BA24B39A8A00A49E7F /* README.MD in Resources */,
				A4AE779624B3994700A49E7F /* LaunchScreen.storyboard in Resources */,
				A4AE779324B3994700A49E7F /* Assets.xcassets in Resources */,
			);
			runOnlyForDeploymentPostprocessing = 0;
		};
		A4AE779A24B3994700A49E7F /* Resources */ = {
			isa = PBXResourcesBuildPhase;
			buildActionMask = 2147483647;
			files = (
			);
			runOnlyForDeploymentPostprocessing = 0;
		};
		A4AE77A524B3994700A49E7F /* Resources */ = {
			isa = PBXResourcesBuildPhase;
			buildActionMask = 2147483647;
			files = (
			);
			runOnlyForDeploymentPostprocessing = 0;
		};
/* End PBXResourcesBuildPhase section */

/* Begin PBXShellScriptBuildPhase section */
		1EFBED955ED14DB2BA2E785B /* [CP] Check Pods Manifest.lock */ = {
			isa = PBXShellScriptBuildPhase;
			buildActionMask = 2147483647;
			files = (
			);
			inputFileListPaths = (
			);
			inputPaths = (
				"${PODS_PODFILE_DIR_PATH}/Podfile.lock",
				"${PODS_ROOT}/Manifest.lock",
			);
			name = "[CP] Check Pods Manifest.lock";
			outputFileListPaths = (
			);
			outputPaths = (
				"$(DERIVED_FILE_DIR)/Pods-FromHome-checkManifestLockResult.txt",
			);
			runOnlyForDeploymentPostprocessing = 0;
			shellPath = /bin/sh;
			shellScript = "diff \"${PODS_PODFILE_DIR_PATH}/Podfile.lock\" \"${PODS_ROOT}/Manifest.lock\" > /dev/null\nif [ $? != 0 ] ; then\n    # print error to STDERR\n    echo \"error: The sandbox is not in sync with the Podfile.lock. Run 'pod install' or update your CocoaPods installation.\" >&2\n    exit 1\nfi\n# This output is used by Xcode 'outputs' to avoid re-running this script phase.\necho \"SUCCESS\" > \"${SCRIPT_OUTPUT_FILE_0}\"\n";
			showEnvVarsInLog = 0;
		};
		A4AE77C224B3CA4C00A49E7F /* SwiftLint */ = {
			isa = PBXShellScriptBuildPhase;
			buildActionMask = 2147483647;
			files = (
			);
			inputFileListPaths = (
			);
			inputPaths = (
			);
			name = SwiftLint;
			outputFileListPaths = (
			);
			outputPaths = (
			);
			runOnlyForDeploymentPostprocessing = 0;
			shellPath = /bin/sh;
			shellScript = "# Type a script or drag a script file from your workspace to insert its path.\n${PODS_ROOT}/SwiftLint/swiftlint\n";
		};
		C39DDC4D41B4DE3D095BFA3D /* [CP] Check Pods Manifest.lock */ = {
			isa = PBXShellScriptBuildPhase;
			buildActionMask = 2147483647;
			files = (
			);
			inputFileListPaths = (
			);
			inputPaths = (
				"${PODS_PODFILE_DIR_PATH}/Podfile.lock",
				"${PODS_ROOT}/Manifest.lock",
			);
			name = "[CP] Check Pods Manifest.lock";
			outputFileListPaths = (
			);
			outputPaths = (
				"$(DERIVED_FILE_DIR)/Pods-FromHomeTests-checkManifestLockResult.txt",
			);
			runOnlyForDeploymentPostprocessing = 0;
			shellPath = /bin/sh;
			shellScript = "diff \"${PODS_PODFILE_DIR_PATH}/Podfile.lock\" \"${PODS_ROOT}/Manifest.lock\" > /dev/null\nif [ $? != 0 ] ; then\n    # print error to STDERR\n    echo \"error: The sandbox is not in sync with the Podfile.lock. Run 'pod install' or update your CocoaPods installation.\" >&2\n    exit 1\nfi\n# This output is used by Xcode 'outputs' to avoid re-running this script phase.\necho \"SUCCESS\" > \"${SCRIPT_OUTPUT_FILE_0}\"\n";
			showEnvVarsInLog = 0;
		};
		F64C35E49BECE54858AB7071 /* [CP] Check Pods Manifest.lock */ = {
			isa = PBXShellScriptBuildPhase;
			buildActionMask = 2147483647;
			files = (
			);
			inputFileListPaths = (
			);
			inputPaths = (
				"${PODS_PODFILE_DIR_PATH}/Podfile.lock",
				"${PODS_ROOT}/Manifest.lock",
			);
			name = "[CP] Check Pods Manifest.lock";
			outputFileListPaths = (
			);
			outputPaths = (
				"$(DERIVED_FILE_DIR)/Pods-FromHome-FromHomeUITests-checkManifestLockResult.txt",
			);
			runOnlyForDeploymentPostprocessing = 0;
			shellPath = /bin/sh;
			shellScript = "diff \"${PODS_PODFILE_DIR_PATH}/Podfile.lock\" \"${PODS_ROOT}/Manifest.lock\" > /dev/null\nif [ $? != 0 ] ; then\n    # print error to STDERR\n    echo \"error: The sandbox is not in sync with the Podfile.lock. Run 'pod install' or update your CocoaPods installation.\" >&2\n    exit 1\nfi\n# This output is used by Xcode 'outputs' to avoid re-running this script phase.\necho \"SUCCESS\" > \"${SCRIPT_OUTPUT_FILE_0}\"\n";
			showEnvVarsInLog = 0;
		};
/* End PBXShellScriptBuildPhase section */

/* Begin PBXSourcesBuildPhase section */
		A4AE777F24B3994400A49E7F /* Sources */ = {
			isa = PBXSourcesBuildPhase;
			buildActionMask = 2147483647;
			files = (
				A4AE77BF24B3BC6700A49E7F /* Coordinator.swift in Sources */,
				A4AE778724B3994400A49E7F /* AppDelegate.swift in Sources */,
				A48B2DD724B7BAB00017B79D /* TimersCoordinator.swift in Sources */,
				A48B2DD524B7BA630017B79D /* TimersViewController.swift in Sources */,
				A49ED7AD24B7B572006C70B6 /* TodayCoordinator.swift in Sources */,
				278045E024B4073700AEDFBA /* UIColor+FHColors.swift in Sources */,
				278045E624B40DC800AEDFBA /* UIFont+FHFonts.swift in Sources */,
				27309F0124B541EA00D60FE8 /* UIView+Constraints.swift in Sources */,
				278045E424B40CAE00AEDFBA /* Style+FHSyle.swift in Sources */,
				A49ED7B124B7B597006C70B6 /* TodayViewController.swift in Sources */,
				A4AE779124B3994400A49E7F /* FromHome.xcdatamodeld in Sources */,
				A48B2DD924B7BB120017B79D /* TasksCoordinator.swift in Sources */,
				A48B2DDD24B7BB310017B79D /* TasksViewController.swift in Sources */,
				A4AE77C124B3BCC000A49E7F /* MainCoordinator.swift in Sources */,
				A4AE778924B3994400A49E7F /* SceneDelegate.swift in Sources */,
				27309EFF24B531B400D60FE8 /* CardTitleView.swift in Sources */,
				278045DE24B405FA00AEDFBA /* Style.swift in Sources */,
			);
			runOnlyForDeploymentPostprocessing = 0;
		};
		A4AE779824B3994700A49E7F /* Sources */ = {
			isa = PBXSourcesBuildPhase;
			buildActionMask = 2147483647;
			files = (
				A4AE77A124B3994700A49E7F /* FromHomeTests.swift in Sources */,
			);
			runOnlyForDeploymentPostprocessing = 0;
		};
		A4AE77A324B3994700A49E7F /* Sources */ = {
			isa = PBXSourcesBuildPhase;
			buildActionMask = 2147483647;
			files = (
				A4AE77AC24B3994700A49E7F /* FromHomeUITests.swift in Sources */,
			);
			runOnlyForDeploymentPostprocessing = 0;
		};
/* End PBXSourcesBuildPhase section */

/* Begin PBXTargetDependency section */
		A4AE779E24B3994700A49E7F /* PBXTargetDependency */ = {
			isa = PBXTargetDependency;
			target = A4AE778224B3994400A49E7F /* FromHome */;
			targetProxy = A4AE779D24B3994700A49E7F /* PBXContainerItemProxy */;
		};
		A4AE77A924B3994700A49E7F /* PBXTargetDependency */ = {
			isa = PBXTargetDependency;
			target = A4AE778224B3994400A49E7F /* FromHome */;
			targetProxy = A4AE77A824B3994700A49E7F /* PBXContainerItemProxy */;
		};
/* End PBXTargetDependency section */

/* Begin PBXVariantGroup section */
		A4AE779424B3994700A49E7F /* LaunchScreen.storyboard */ = {
			isa = PBXVariantGroup;
			children = (
				A4AE779524B3994700A49E7F /* Base */,
			);
			name = LaunchScreen.storyboard;
			sourceTree = "<group>";
		};
/* End PBXVariantGroup section */

/* Begin XCBuildConfiguration section */
		A4AE77AE24B3994700A49E7F /* Debug */ = {
			isa = XCBuildConfiguration;
			buildSettings = {
				ALWAYS_SEARCH_USER_PATHS = NO;
				CLANG_ANALYZER_NONNULL = YES;
				CLANG_ANALYZER_NUMBER_OBJECT_CONVERSION = YES_AGGRESSIVE;
				CLANG_CXX_LANGUAGE_STANDARD = "gnu++14";
				CLANG_CXX_LIBRARY = "libc++";
				CLANG_ENABLE_MODULES = YES;
				CLANG_ENABLE_OBJC_ARC = YES;
				CLANG_ENABLE_OBJC_WEAK = YES;
				CLANG_WARN_BLOCK_CAPTURE_AUTORELEASING = YES;
				CLANG_WARN_BOOL_CONVERSION = YES;
				CLANG_WARN_COMMA = YES;
				CLANG_WARN_CONSTANT_CONVERSION = YES;
				CLANG_WARN_DEPRECATED_OBJC_IMPLEMENTATIONS = YES;
				CLANG_WARN_DIRECT_OBJC_ISA_USAGE = YES_ERROR;
				CLANG_WARN_DOCUMENTATION_COMMENTS = YES;
				CLANG_WARN_EMPTY_BODY = YES;
				CLANG_WARN_ENUM_CONVERSION = YES;
				CLANG_WARN_INFINITE_RECURSION = YES;
				CLANG_WARN_INT_CONVERSION = YES;
				CLANG_WARN_NON_LITERAL_NULL_CONVERSION = YES;
				CLANG_WARN_OBJC_IMPLICIT_RETAIN_SELF = YES;
				CLANG_WARN_OBJC_LITERAL_CONVERSION = YES;
				CLANG_WARN_OBJC_ROOT_CLASS = YES_ERROR;
				CLANG_WARN_RANGE_LOOP_ANALYSIS = YES;
				CLANG_WARN_STRICT_PROTOTYPES = YES;
				CLANG_WARN_SUSPICIOUS_MOVE = YES;
				CLANG_WARN_UNGUARDED_AVAILABILITY = YES_AGGRESSIVE;
				CLANG_WARN_UNREACHABLE_CODE = YES;
				CLANG_WARN__DUPLICATE_METHOD_MATCH = YES;
				COPY_PHASE_STRIP = NO;
				DEBUG_INFORMATION_FORMAT = dwarf;
				ENABLE_STRICT_OBJC_MSGSEND = YES;
				ENABLE_TESTABILITY = YES;
				GCC_C_LANGUAGE_STANDARD = gnu11;
				GCC_DYNAMIC_NO_PIC = NO;
				GCC_NO_COMMON_BLOCKS = YES;
				GCC_OPTIMIZATION_LEVEL = 0;
				GCC_PREPROCESSOR_DEFINITIONS = (
					"DEBUG=1",
					"$(inherited)",
				);
				GCC_WARN_64_TO_32_BIT_CONVERSION = YES;
				GCC_WARN_ABOUT_RETURN_TYPE = YES_ERROR;
				GCC_WARN_UNDECLARED_SELECTOR = YES;
				GCC_WARN_UNINITIALIZED_AUTOS = YES_AGGRESSIVE;
				GCC_WARN_UNUSED_FUNCTION = YES;
				GCC_WARN_UNUSED_VARIABLE = YES;
				IPHONEOS_DEPLOYMENT_TARGET = 13.5;
				MTL_ENABLE_DEBUG_INFO = INCLUDE_SOURCE;
				MTL_FAST_MATH = YES;
				ONLY_ACTIVE_ARCH = YES;
				SDKROOT = iphoneos;
				SWIFT_ACTIVE_COMPILATION_CONDITIONS = DEBUG;
				SWIFT_OPTIMIZATION_LEVEL = "-Onone";
			};
			name = Debug;
		};
		A4AE77AF24B3994700A49E7F /* Release */ = {
			isa = XCBuildConfiguration;
			buildSettings = {
				ALWAYS_SEARCH_USER_PATHS = NO;
				CLANG_ANALYZER_NONNULL = YES;
				CLANG_ANALYZER_NUMBER_OBJECT_CONVERSION = YES_AGGRESSIVE;
				CLANG_CXX_LANGUAGE_STANDARD = "gnu++14";
				CLANG_CXX_LIBRARY = "libc++";
				CLANG_ENABLE_MODULES = YES;
				CLANG_ENABLE_OBJC_ARC = YES;
				CLANG_ENABLE_OBJC_WEAK = YES;
				CLANG_WARN_BLOCK_CAPTURE_AUTORELEASING = YES;
				CLANG_WARN_BOOL_CONVERSION = YES;
				CLANG_WARN_COMMA = YES;
				CLANG_WARN_CONSTANT_CONVERSION = YES;
				CLANG_WARN_DEPRECATED_OBJC_IMPLEMENTATIONS = YES;
				CLANG_WARN_DIRECT_OBJC_ISA_USAGE = YES_ERROR;
				CLANG_WARN_DOCUMENTATION_COMMENTS = YES;
				CLANG_WARN_EMPTY_BODY = YES;
				CLANG_WARN_ENUM_CONVERSION = YES;
				CLANG_WARN_INFINITE_RECURSION = YES;
				CLANG_WARN_INT_CONVERSION = YES;
				CLANG_WARN_NON_LITERAL_NULL_CONVERSION = YES;
				CLANG_WARN_OBJC_IMPLICIT_RETAIN_SELF = YES;
				CLANG_WARN_OBJC_LITERAL_CONVERSION = YES;
				CLANG_WARN_OBJC_ROOT_CLASS = YES_ERROR;
				CLANG_WARN_RANGE_LOOP_ANALYSIS = YES;
				CLANG_WARN_STRICT_PROTOTYPES = YES;
				CLANG_WARN_SUSPICIOUS_MOVE = YES;
				CLANG_WARN_UNGUARDED_AVAILABILITY = YES_AGGRESSIVE;
				CLANG_WARN_UNREACHABLE_CODE = YES;
				CLANG_WARN__DUPLICATE_METHOD_MATCH = YES;
				COPY_PHASE_STRIP = NO;
				DEBUG_INFORMATION_FORMAT = "dwarf-with-dsym";
				ENABLE_NS_ASSERTIONS = NO;
				ENABLE_STRICT_OBJC_MSGSEND = YES;
				GCC_C_LANGUAGE_STANDARD = gnu11;
				GCC_NO_COMMON_BLOCKS = YES;
				GCC_WARN_64_TO_32_BIT_CONVERSION = YES;
				GCC_WARN_ABOUT_RETURN_TYPE = YES_ERROR;
				GCC_WARN_UNDECLARED_SELECTOR = YES;
				GCC_WARN_UNINITIALIZED_AUTOS = YES_AGGRESSIVE;
				GCC_WARN_UNUSED_FUNCTION = YES;
				GCC_WARN_UNUSED_VARIABLE = YES;
				IPHONEOS_DEPLOYMENT_TARGET = 13.5;
				MTL_ENABLE_DEBUG_INFO = NO;
				MTL_FAST_MATH = YES;
				SDKROOT = iphoneos;
				SWIFT_COMPILATION_MODE = wholemodule;
				SWIFT_OPTIMIZATION_LEVEL = "-O";
				VALIDATE_PRODUCT = YES;
			};
			name = Release;
		};
		A4AE77B124B3994700A49E7F /* Debug */ = {
			isa = XCBuildConfiguration;
			baseConfigurationReference = 383ED69634AAD6D6AAD683AF /* Pods-FromHome.debug.xcconfig */;
			buildSettings = {
				ASSETCATALOG_COMPILER_APPICON_NAME = AppIcon;
				CODE_SIGN_STYLE = Automatic;
				INFOPLIST_FILE = FromHome/Info.plist;
				LD_RUNPATH_SEARCH_PATHS = (
					"$(inherited)",
					"@executable_path/Frameworks",
				);
				PRODUCT_BUNDLE_IDENTIFIER = com.biaplutarco.FromHome;
				PRODUCT_NAME = "$(TARGET_NAME)";
				SWIFT_VERSION = 5.0;
				TARGETED_DEVICE_FAMILY = "1,2";
			};
			name = Debug;
		};
		A4AE77B224B3994700A49E7F /* Release */ = {
			isa = XCBuildConfiguration;
			baseConfigurationReference = 1F27F5D1CDE3B9FDEB496DB0 /* Pods-FromHome.release.xcconfig */;
			buildSettings = {
				ASSETCATALOG_COMPILER_APPICON_NAME = AppIcon;
				CODE_SIGN_STYLE = Automatic;
				INFOPLIST_FILE = FromHome/Info.plist;
				LD_RUNPATH_SEARCH_PATHS = (
					"$(inherited)",
					"@executable_path/Frameworks",
				);
				PRODUCT_BUNDLE_IDENTIFIER = com.biaplutarco.FromHome;
				PRODUCT_NAME = "$(TARGET_NAME)";
				SWIFT_VERSION = 5.0;
				TARGETED_DEVICE_FAMILY = "1,2";
			};
			name = Release;
		};
		A4AE77B424B3994700A49E7F /* Debug */ = {
			isa = XCBuildConfiguration;
			baseConfigurationReference = 8A55388DE651E6CCDD9C7396 /* Pods-FromHomeTests.debug.xcconfig */;
			buildSettings = {
				ALWAYS_EMBED_SWIFT_STANDARD_LIBRARIES = YES;
				BUNDLE_LOADER = "$(TEST_HOST)";
				CODE_SIGN_STYLE = Automatic;
				INFOPLIST_FILE = FromHomeTests/Info.plist;
				IPHONEOS_DEPLOYMENT_TARGET = 13.5;
				LD_RUNPATH_SEARCH_PATHS = (
					"$(inherited)",
					"@executable_path/Frameworks",
					"@loader_path/Frameworks",
				);
				PRODUCT_BUNDLE_IDENTIFIER = com.biaplutarco.FromHomeTests;
				PRODUCT_NAME = "$(TARGET_NAME)";
				SWIFT_VERSION = 5.0;
				TARGETED_DEVICE_FAMILY = "1,2";
				TEST_HOST = "$(BUILT_PRODUCTS_DIR)/FromHome.app/FromHome";
			};
			name = Debug;
		};
		A4AE77B524B3994700A49E7F /* Release */ = {
			isa = XCBuildConfiguration;
			baseConfigurationReference = A62FE971FCE64E66462578B8 /* Pods-FromHomeTests.release.xcconfig */;
			buildSettings = {
				ALWAYS_EMBED_SWIFT_STANDARD_LIBRARIES = YES;
				BUNDLE_LOADER = "$(TEST_HOST)";
				CODE_SIGN_STYLE = Automatic;
				INFOPLIST_FILE = FromHomeTests/Info.plist;
				IPHONEOS_DEPLOYMENT_TARGET = 13.5;
				LD_RUNPATH_SEARCH_PATHS = (
					"$(inherited)",
					"@executable_path/Frameworks",
					"@loader_path/Frameworks",
				);
				PRODUCT_BUNDLE_IDENTIFIER = com.biaplutarco.FromHomeTests;
				PRODUCT_NAME = "$(TARGET_NAME)";
				SWIFT_VERSION = 5.0;
				TARGETED_DEVICE_FAMILY = "1,2";
				TEST_HOST = "$(BUILT_PRODUCTS_DIR)/FromHome.app/FromHome";
			};
			name = Release;
		};
		A4AE77B724B3994700A49E7F /* Debug */ = {
			isa = XCBuildConfiguration;
			baseConfigurationReference = 445A17B74F5FEC3993225741 /* Pods-FromHome-FromHomeUITests.debug.xcconfig */;
			buildSettings = {
				ALWAYS_EMBED_SWIFT_STANDARD_LIBRARIES = YES;
				CODE_SIGN_STYLE = Automatic;
				INFOPLIST_FILE = FromHomeUITests/Info.plist;
				LD_RUNPATH_SEARCH_PATHS = (
					"$(inherited)",
					"@executable_path/Frameworks",
					"@loader_path/Frameworks",
				);
				PRODUCT_BUNDLE_IDENTIFIER = com.biaplutarco.FromHomeUITests;
				PRODUCT_NAME = "$(TARGET_NAME)";
				SWIFT_VERSION = 5.0;
				TARGETED_DEVICE_FAMILY = "1,2";
				TEST_TARGET_NAME = FromHome;
			};
			name = Debug;
		};
		A4AE77B824B3994700A49E7F /* Release */ = {
			isa = XCBuildConfiguration;
			baseConfigurationReference = B98A80FED36B1087F28D2066 /* Pods-FromHome-FromHomeUITests.release.xcconfig */;
			buildSettings = {
				ALWAYS_EMBED_SWIFT_STANDARD_LIBRARIES = YES;
				CODE_SIGN_STYLE = Automatic;
				INFOPLIST_FILE = FromHomeUITests/Info.plist;
				LD_RUNPATH_SEARCH_PATHS = (
					"$(inherited)",
					"@executable_path/Frameworks",
					"@loader_path/Frameworks",
				);
				PRODUCT_BUNDLE_IDENTIFIER = com.biaplutarco.FromHomeUITests;
				PRODUCT_NAME = "$(TARGET_NAME)";
				SWIFT_VERSION = 5.0;
				TARGETED_DEVICE_FAMILY = "1,2";
				TEST_TARGET_NAME = FromHome;
			};
			name = Release;
		};
/* End XCBuildConfiguration section */

/* Begin XCConfigurationList section */
		A4AE777E24B3994400A49E7F /* Build configuration list for PBXProject "FromHome" */ = {
			isa = XCConfigurationList;
			buildConfigurations = (
				A4AE77AE24B3994700A49E7F /* Debug */,
				A4AE77AF24B3994700A49E7F /* Release */,
			);
			defaultConfigurationIsVisible = 0;
			defaultConfigurationName = Release;
		};
		A4AE77B024B3994700A49E7F /* Build configuration list for PBXNativeTarget "FromHome" */ = {
			isa = XCConfigurationList;
			buildConfigurations = (
				A4AE77B124B3994700A49E7F /* Debug */,
				A4AE77B224B3994700A49E7F /* Release */,
			);
			defaultConfigurationIsVisible = 0;
			defaultConfigurationName = Release;
		};
		A4AE77B324B3994700A49E7F /* Build configuration list for PBXNativeTarget "FromHomeTests" */ = {
			isa = XCConfigurationList;
			buildConfigurations = (
				A4AE77B424B3994700A49E7F /* Debug */,
				A4AE77B524B3994700A49E7F /* Release */,
			);
			defaultConfigurationIsVisible = 0;
			defaultConfigurationName = Release;
		};
		A4AE77B624B3994700A49E7F /* Build configuration list for PBXNativeTarget "FromHomeUITests" */ = {
			isa = XCConfigurationList;
			buildConfigurations = (
				A4AE77B724B3994700A49E7F /* Debug */,
				A4AE77B824B3994700A49E7F /* Release */,
			);
			defaultConfigurationIsVisible = 0;
			defaultConfigurationName = Release;
		};
/* End XCConfigurationList section */

/* Begin XCVersionGroup section */
		A4AE778F24B3994400A49E7F /* FromHome.xcdatamodeld */ = {
			isa = XCVersionGroup;
			children = (
				A4AE779024B3994400A49E7F /* FromHome.xcdatamodel */,
			);
			currentVersion = A4AE779024B3994400A49E7F /* FromHome.xcdatamodel */;
			path = FromHome.xcdatamodeld;
			sourceTree = "<group>";
			versionGroupType = wrapper.xcdatamodel;
		};
/* End XCVersionGroup section */
	};
	rootObject = A4AE777B24B3994400A49E7F /* Project object */;
}
